// !$*UTF8*$!
{
	archiveVersion = 1;
	classes = {
	};
	objectVersion = 46;
	objects = {

/* Begin PBXBuildFile section */
		0B01E34E1FBF28C300D0C6FD /* RWTFlickrPhotoMetadata.m in Sources */ = {isa = PBXBuildFile; fileRef = 0B01E34D1FBF28C300D0C6FD /* RWTFlickrPhotoMetadata.m */; };
		0B01E3601FBF2B9800D0C6FD /* RWTFlickrSearchResultsItemViewModel.m in Sources */ = {isa = PBXBuildFile; fileRef = 0B01E35F1FBF2B9800D0C6FD /* RWTFlickrSearchResultsItemViewModel.m */; };
		0B12C7D11FB36109001738A0 /* ReactiveObjC.framework in Frameworks */ = {isa = PBXBuildFile; fileRef = 0B12C7C61FB360E3001738A0 /* ReactiveObjC.framework */; };
		0B12C7D21FB36109001738A0 /* ReactiveObjC.framework in Embed Frameworks */ = {isa = PBXBuildFile; fileRef = 0B12C7C61FB360E3001738A0 /* ReactiveObjC.framework */; settings = {ATTRIBUTES = (CodeSignOnCopy, RemoveHeadersOnCopy, ); }; };
		0B1496381FC1C9320084BA60 /* CETableViewBindingHelper.m in Sources */ = {isa = PBXBuildFile; fileRef = 0B1496351FC1C9310084BA60 /* CETableViewBindingHelper.m */; };
		0B388FBE2007745A00CF5782 /* libglfw3.a in Frameworks */ = {isa = PBXBuildFile; fileRef = 0B388FB52007745A00CF5782 /* libglfw3.a */; };
		0B388FBF2007745A00CF5782 /* glad.c in Sources */ = {isa = PBXBuildFile; fileRef = 0B388FBD2007745A00CF5782 /* glad.c */; };
		0B388FC3200777A500CF5782 /* IOKit.framework in Frameworks */ = {isa = PBXBuildFile; fileRef = 0B388FC2200777A500CF5782 /* IOKit.framework */; };
		0BDC4F461FB82A94001AE26A /* libLinqToObjectiveC.a in Frameworks */ = {isa = PBXBuildFile; fileRef = 0B5550541FB6A91B005DC829 /* libLinqToObjectiveC.a */; };
		2A32D33F1FB3ECC00085742F /* RWSearchFormViewController.m in Sources */ = {isa = PBXBuildFile; fileRef = 2A32D3371FB3ECBF0085742F /* RWSearchFormViewController.m */; };
		2A32D3421FB3ECD50085742F /* RWSearchResultsViewController.m in Sources */ = {isa = PBXBuildFile; fileRef = 2A32D3411FB3ECD50085742F /* RWSearchResultsViewController.m */; };
		2A32D3471FB3ECE90085742F /* RWTableViewCell.m in Sources */ = {isa = PBXBuildFile; fileRef = 2A32D3431FB3ECE90085742F /* RWTableViewCell.m */; };
		2A32D3481FB3ECE90085742F /* RWTweet.m in Sources */ = {isa = PBXBuildFile; fileRef = 2A32D3451FB3ECE90085742F /* RWTweet.m */; };
		2A32D34A1FB3F0C90085742F /* background.jpg in Resources */ = {isa = PBXBuildFile; fileRef = 2A32D3491FB3F0C90085742F /* background.jpg */; };
		2A32D36D1FB409FA0085742F /* RevealServer.framework in Frameworks */ = {isa = PBXBuildFile; fileRef = 2A32D36C1FB409F90085742F /* RevealServer.framework */; };
		2A32D36E1FB409FA0085742F /* RevealServer.framework in Embed Frameworks */ = {isa = PBXBuildFile; fileRef = 2A32D36C1FB409F90085742F /* RevealServer.framework */; settings = {ATTRIBUTES = (CodeSignOnCopy, RemoveHeadersOnCopy, ); }; };
		2A344E471FFF1BEF00050387 /* GPUImageVideoCompositionEditor.m in Sources */ = {isa = PBXBuildFile; fileRef = 2A344E461FFF1BEF00050387 /* GPUImageVideoCompositionEditor.m */; };
		2A344E631FFF1E2C00050387 /* VideoCompositionEditor.m in Sources */ = {isa = PBXBuildFile; fileRef = 2A344E621FFF1E2C00050387 /* VideoCompositionEditor.m */; };
		2A4770AF1FBC1E8800B4618A /* RWTFlickrSearchResultsViewModel.m in Sources */ = {isa = PBXBuildFile; fileRef = 2A47709E1FBC15DE00B4618A /* RWTFlickrSearchResultsViewModel.m */; };
		2A4770C41FBC2B5E00B4618A /* RWTFlickrSearchResultsViewController.xib in Resources */ = {isa = PBXBuildFile; fileRef = 2A4770C31FBC2B5D00B4618A /* RWTFlickrSearchResultsViewController.xib */; };
		2A48C5B71FB99F30007EABD7 /* SystemConfiguration.framework in Frameworks */ = {isa = PBXBuildFile; fileRef = 2AB6D3C11FB99C4F00E04677 /* SystemConfiguration.framework */; };
		2A48C5BB1FB9A437007EABD7 /* RWTFlickrSearchViewController.m in Sources */ = {isa = PBXBuildFile; fileRef = 2A48C5B81FB9A437007EABD7 /* RWTFlickrSearchViewController.m */; };
		2A48C5BC1FB9A437007EABD7 /* RWTFlickrSearchViewController.xib in Resources */ = {isa = PBXBuildFile; fileRef = 2A48C5B91FB9A437007EABD7 /* RWTFlickrSearchViewController.xib */; };
		2A48C5C01FB9A444007EABD7 /* RWTRecentSearchItemTableViewCell.xib in Resources */ = {isa = PBXBuildFile; fileRef = 2A48C5BD1FB9A443007EABD7 /* RWTRecentSearchItemTableViewCell.xib */; };
		2A48C5C11FB9A444007EABD7 /* RWTRecentSearchItemTableViewCell.m in Sources */ = {isa = PBXBuildFile; fileRef = 2A48C5BE1FB9A443007EABD7 /* RWTRecentSearchItemTableViewCell.m */; };
		2A48C5C51FB9A44F007EABD7 /* RWTFlickrSearchResultsViewController.m in Sources */ = {isa = PBXBuildFile; fileRef = 2A48C5C21FB9A44E007EABD7 /* RWTFlickrSearchResultsViewController.m */; };
		2A48C5C91FB9A45E007EABD7 /* fave.png in Resources */ = {isa = PBXBuildFile; fileRef = 2A48C5C71FB9A45D007EABD7 /* fave.png */; };
		2A48C5CA1FB9A45E007EABD7 /* comment.png in Resources */ = {isa = PBXBuildFile; fileRef = 2A48C5C81FB9A45D007EABD7 /* comment.png */; };
		2A48C5CE1FB9A46D007EABD7 /* RWTSearchResultsTableViewCell.m in Sources */ = {isa = PBXBuildFile; fileRef = 2A48C5CC1FB9A46D007EABD7 /* RWTSearchResultsTableViewCell.m */; };
		2A48C5CF1FB9A46D007EABD7 /* RWTSearchResultsTableViewCell.xib in Resources */ = {isa = PBXBuildFile; fileRef = 2A48C5CD1FB9A46D007EABD7 /* RWTSearchResultsTableViewCell.xib */; };
		2A48C5D21FB9AABA007EABD7 /* RWTFlickrSearchViewModel.m in Sources */ = {isa = PBXBuildFile; fileRef = 2A48C5D11FB9AABA007EABD7 /* RWTFlickrSearchViewModel.m */; };
		2A4CA0D82004B681003DE924 /* GPUImageBeautifyFilter.m in Sources */ = {isa = PBXBuildFile; fileRef = 2A4CA0BE2004B681003DE924 /* GPUImageBeautifyFilter.m */; };
		2A4CA0DC2004BA6A003DE924 /* Crown@2x.png in Resources */ = {isa = PBXBuildFile; fileRef = 2A4CA0DB2004BA69003DE924 /* Crown@2x.png */; };
		2A59B63E20037D1E007B41C2 /* main.mm in Sources */ = {isa = PBXBuildFile; fileRef = 2A59B63D20037D1E007B41C2 /* main.mm */; };
		2A59B64920037F7E007B41C2 /* CoreVideo.framework in Frameworks */ = {isa = PBXBuildFile; fileRef = 2A59B64820037F7E007B41C2 /* CoreVideo.framework */; };
		2A59B64B20037F91007B41C2 /* AppKit.framework in Frameworks */ = {isa = PBXBuildFile; fileRef = 2A59B64A20037F90007B41C2 /* AppKit.framework */; };
		2A68EF81200603CF00912901 /* TransformUtil.m in Sources */ = {isa = PBXBuildFile; fileRef = 2A68EF80200603CF00912901 /* TransformUtil.m */; };
		2A6F94B61FF50B4A0065DB6C /* watermark.png in Resources */ = {isa = PBXBuildFile; fileRef = 2A6F94A41FF50B490065DB6C /* watermark.png */; };
		2A9A80951FBAA79F0000E2C5 /* RWTFlickrSearchImpl.m in Sources */ = {isa = PBXBuildFile; fileRef = 2A9A80941FBAA79F0000E2C5 /* RWTFlickrSearchImpl.m */; };
		2A9A80991FBAD3CE0000E2C5 /* RWTFlickrViewModelServiceImpl.m in Sources */ = {isa = PBXBuildFile; fileRef = 2A9A80981FBAD3CE0000E2C5 /* RWTFlickrViewModelServiceImpl.m */; };
		2A9A80A81FBAECC50000E2C5 /* RWTFlickrPhoto.m in Sources */ = {isa = PBXBuildFile; fileRef = 2A9A80A71FBAECC50000E2C5 /* RWTFlickrPhoto.m */; };
		2A9A80AB1FBAED3A0000E2C5 /* RWTFlickrSearchResults.m in Sources */ = {isa = PBXBuildFile; fileRef = 2A9A80AA1FBAED3A0000E2C5 /* RWTFlickrSearchResults.m */; };
		2AB119341FF34C9F0073C3A8 /* AppDelegate.m in Sources */ = {isa = PBXBuildFile; fileRef = 2AB119331FF34C9F0073C3A8 /* AppDelegate.m */; };
		2AB119371FF34C9F0073C3A8 /* ViewController.m in Sources */ = {isa = PBXBuildFile; fileRef = 2AB119361FF34C9F0073C3A8 /* ViewController.m */; };
		2AB1193A1FF34C9F0073C3A8 /* Main.storyboard in Resources */ = {isa = PBXBuildFile; fileRef = 2AB119381FF34C9F0073C3A8 /* Main.storyboard */; };
		2AB1193C1FF34C9F0073C3A8 /* Assets.xcassets in Resources */ = {isa = PBXBuildFile; fileRef = 2AB1193B1FF34C9F0073C3A8 /* Assets.xcassets */; };
		2AB1193F1FF34C9F0073C3A8 /* LaunchScreen.storyboard in Resources */ = {isa = PBXBuildFile; fileRef = 2AB1193D1FF34C9F0073C3A8 /* LaunchScreen.storyboard */; };
		2AB119421FF34C9F0073C3A8 /* main.m in Sources */ = {isa = PBXBuildFile; fileRef = 2AB119411FF34C9F0073C3A8 /* main.m */; };
		2AB119611FF34E830073C3A8 /* GPUImage.framework in Frameworks */ = {isa = PBXBuildFile; fileRef = 2AB1195F1FF34E410073C3A8 /* GPUImage.framework */; };
		2AB119621FF34E830073C3A8 /* GPUImage.framework in Embed Frameworks */ = {isa = PBXBuildFile; fileRef = 2AB1195F1FF34E410073C3A8 /* GPUImage.framework */; settings = {ATTRIBUTES = (CodeSignOnCopy, RemoveHeadersOnCopy, ); }; };
		2AB1197E1FF355A50073C3A8 /* abc.mp4 in Resources */ = {isa = PBXBuildFile; fileRef = 2AB1197D1FF355A50073C3A8 /* abc.mp4 */; };
		2AB6D3A51FB99B8800E04677 /* libObjectiveFlickr.a in Frameworks */ = {isa = PBXBuildFile; fileRef = 2AB6D3891FB99B3500E04677 /* libObjectiveFlickr.a */; };
		2AB6D3C01FB99C3400E04677 /* libSDWebImage iOS static.a in Frameworks */ = {isa = PBXBuildFile; fileRef = 2AB6D3B31FB99C2200E04677 /* libSDWebImage iOS static.a */; };
		2AB923981FFDCFA400FC9BD3 /* MediaCompositionViewController.m in Sources */ = {isa = PBXBuildFile; fileRef = 2AB923971FFDCFA400FC9BD3 /* MediaCompositionViewController.m */; };
		2AB923CD1FFE06A600FC9BD3 /* qwe.mp4 in Resources */ = {isa = PBXBuildFile; fileRef = 2AB923CC1FFE06A600FC9BD3 /* qwe.mp4 */; };
		2AB923D01FFE261000FC9BD3 /* AVFVideoCompositionEditor.m in Sources */ = {isa = PBXBuildFile; fileRef = 2AB923CF1FFE261000FC9BD3 /* AVFVideoCompositionEditor.m */; };
		2AB923D41FFE430F00FC9BD3 /* PhotoUtils.m in Sources */ = {isa = PBXBuildFile; fileRef = 2AB923D31FFE430F00FC9BD3 /* PhotoUtils.m */; };
		2AB923F91FFE44D500FC9BD3 /* ReactiveObjC.framework in Frameworks */ = {isa = PBXBuildFile; fileRef = 2AB923F01FFE44BD00FC9BD3 /* ReactiveObjC.framework */; };
		2AB923FA1FFE44D500FC9BD3 /* ReactiveObjC.framework in Embed Frameworks */ = {isa = PBXBuildFile; fileRef = 2AB923F01FFE44BD00FC9BD3 /* ReactiveObjC.framework */; settings = {ATTRIBUTES = (CodeSignOnCopy, RemoveHeadersOnCopy, ); }; };
		2AB924001FFE459800FC9BD3 /* RevealServer.framework in Frameworks */ = {isa = PBXBuildFile; fileRef = 2A32D36C1FB409F90085742F /* RevealServer.framework */; };
		2AB924011FFE459800FC9BD3 /* RevealServer.framework in Embed Frameworks */ = {isa = PBXBuildFile; fileRef = 2A32D36C1FB409F90085742F /* RevealServer.framework */; settings = {ATTRIBUTES = (CodeSignOnCopy, RemoveHeadersOnCopy, ); }; };
		2AB924021FFE45B200FC9BD3 /* libLinqToObjectiveC.a in Frameworks */ = {isa = PBXBuildFile; fileRef = 2AB923DC1FFE449F00FC9BD3 /* libLinqToObjectiveC.a */; };
		2AB924051FFE45CD00FC9BD3 /* libSDWebImage iOS static.a in Frameworks */ = {isa = PBXBuildFile; fileRef = 2AB6D3B31FB99C2200E04677 /* libSDWebImage iOS static.a */; };
		721E122718698DC100B30134 /* kitten.jpg in Resources */ = {isa = PBXBuildFile; fileRef = 721E122618698DC100B30134 /* kitten.jpg */; };
		72A2881E18618A2E00DDD30A /* Foundation.framework in Frameworks */ = {isa = PBXBuildFile; fileRef = 72A2881D18618A2E00DDD30A /* Foundation.framework */; };
		72A2882018618A2E00DDD30A /* CoreGraphics.framework in Frameworks */ = {isa = PBXBuildFile; fileRef = 72A2881F18618A2E00DDD30A /* CoreGraphics.framework */; };
		72A2882218618A2E00DDD30A /* UIKit.framework in Frameworks */ = {isa = PBXBuildFile; fileRef = 72A2882118618A2E00DDD30A /* UIKit.framework */; };
		72A2882818618A2E00DDD30A /* InfoPlist.strings in Resources */ = {isa = PBXBuildFile; fileRef = 72A2882618618A2E00DDD30A /* InfoPlist.strings */; };
		72A2882A18618A2E00DDD30A /* main.m in Sources */ = {isa = PBXBuildFile; fileRef = 72A2882918618A2E00DDD30A /* main.m */; };
		72A2882E18618A2E00DDD30A /* RWAppDelegate.m in Sources */ = {isa = PBXBuildFile; fileRef = 72A2882D18618A2E00DDD30A /* RWAppDelegate.m */; };
		72A2883118618A2E00DDD30A /* Main.storyboard in Resources */ = {isa = PBXBuildFile; fileRef = 72A2882F18618A2E00DDD30A /* Main.storyboard */; };
		72A2883418618A2E00DDD30A /* RWViewController.m in Sources */ = {isa = PBXBuildFile; fileRef = 72A2883318618A2E00DDD30A /* RWViewController.m */; };
		72A2883618618A2E00DDD30A /* Images.xcassets in Resources */ = {isa = PBXBuildFile; fileRef = 72A2883518618A2E00DDD30A /* Images.xcassets */; };
		72A2885418620EA100DDD30A /* RWDummySignInService.m in Sources */ = {isa = PBXBuildFile; fileRef = 72A2885318620EA100DDD30A /* RWDummySignInService.m */; };
/* End PBXBuildFile section */

/* Begin PBXContainerItemProxy section */
		0B12C7C11FB360E3001738A0 /* PBXContainerItemProxy */ = {
			isa = PBXContainerItemProxy;
			containerPortal = 0B12C7B71FB360E3001738A0 /* ReactiveObjC.xcodeproj */;
			proxyType = 2;
			remoteGlobalIDString = D04725EA19E49ED7006002AA;
			remoteInfo = "ReactiveObjC-macOS";
		};
		0B12C7C31FB360E3001738A0 /* PBXContainerItemProxy */ = {
			isa = PBXContainerItemProxy;
			containerPortal = 0B12C7B71FB360E3001738A0 /* ReactiveObjC.xcodeproj */;
			proxyType = 2;
			remoteGlobalIDString = D04725F519E49ED7006002AA;
			remoteInfo = "ReactiveObjC-macOSTests";
		};
		0B12C7C51FB360E3001738A0 /* PBXContainerItemProxy */ = {
			isa = PBXContainerItemProxy;
			containerPortal = 0B12C7B71FB360E3001738A0 /* ReactiveObjC.xcodeproj */;
			proxyType = 2;
			remoteGlobalIDString = D047260C19E49F82006002AA;
			remoteInfo = "ReactiveObjC-iOS";
		};
		0B12C7C71FB360E3001738A0 /* PBXContainerItemProxy */ = {
			isa = PBXContainerItemProxy;
			containerPortal = 0B12C7B71FB360E3001738A0 /* ReactiveObjC.xcodeproj */;
			proxyType = 2;
			remoteGlobalIDString = D047261619E49F82006002AA;
			remoteInfo = "ReactiveObjC-iOSTests";
		};
		0B12C7C91FB360E3001738A0 /* PBXContainerItemProxy */ = {
			isa = PBXContainerItemProxy;
			containerPortal = 0B12C7B71FB360E3001738A0 /* ReactiveObjC.xcodeproj */;
			proxyType = 2;
			remoteGlobalIDString = A9B315541B3940610001CB9C;
			remoteInfo = "ReactiveObjC-watchOS";
		};
		0B12C7CB1FB360E3001738A0 /* PBXContainerItemProxy */ = {
			isa = PBXContainerItemProxy;
			containerPortal = 0B12C7B71FB360E3001738A0 /* ReactiveObjC.xcodeproj */;
			proxyType = 2;
			remoteGlobalIDString = 57A4D2411BA13D7A00F7D4B1;
			remoteInfo = "ReactiveObjC-tvOS";
		};
		0B12C7CD1FB360E3001738A0 /* PBXContainerItemProxy */ = {
			isa = PBXContainerItemProxy;
			containerPortal = 0B12C7B71FB360E3001738A0 /* ReactiveObjC.xcodeproj */;
			proxyType = 2;
			remoteGlobalIDString = 7DFBED031CDB8C9500EE435B;
			remoteInfo = "ReactiveObjC-tvOSTests";
		};
		0B12C7CF1FB360FB001738A0 /* PBXContainerItemProxy */ = {
			isa = PBXContainerItemProxy;
			containerPortal = 0B12C7B71FB360E3001738A0 /* ReactiveObjC.xcodeproj */;
			proxyType = 1;
			remoteGlobalIDString = D047260B19E49F82006002AA;
			remoteInfo = "ReactiveObjC-iOS";
		};
		0B12C7D31FB36109001738A0 /* PBXContainerItemProxy */ = {
			isa = PBXContainerItemProxy;
			containerPortal = 0B12C7B71FB360E3001738A0 /* ReactiveObjC.xcodeproj */;
			proxyType = 1;
			remoteGlobalIDString = D047260B19E49F82006002AA;
			remoteInfo = "ReactiveObjC-iOS";
		};
		0B5550531FB6A91B005DC829 /* PBXContainerItemProxy */ = {
			isa = PBXContainerItemProxy;
			containerPortal = 0B55504D1FB6A91B005DC829 /* LinqToObjectiveC.xcodeproj */;
			proxyType = 2;
			remoteGlobalIDString = 7E8F43811A8B92D5000F5D01;
			remoteInfo = LinqToObjectiveC;
		};
		0B5550551FB6A91B005DC829 /* PBXContainerItemProxy */ = {
			isa = PBXContainerItemProxy;
			containerPortal = 0B55504D1FB6A91B005DC829 /* LinqToObjectiveC.xcodeproj */;
			proxyType = 2;
			remoteGlobalIDString = 7EEE35A81AB4711000668C3E;
			remoteInfo = "LinqToObjectiveC-iOS-dynamic";
		};
		0B5550571FB6A91B005DC829 /* PBXContainerItemProxy */ = {
			isa = PBXContainerItemProxy;
			containerPortal = 0B55504D1FB6A91B005DC829 /* LinqToObjectiveC.xcodeproj */;
			proxyType = 2;
			remoteGlobalIDString = 7EEE35CB1AB4718500668C3E;
			remoteInfo = "LinqToObjectiveC-iOS-static";
		};
		0BDC4F3B1FB82A8B001AE26A /* PBXContainerItemProxy */ = {
			isa = PBXContainerItemProxy;
			containerPortal = 0B55504D1FB6A91B005DC829 /* LinqToObjectiveC.xcodeproj */;
			proxyType = 1;
			remoteGlobalIDString = 7E8F43801A8B92D5000F5D01;
			remoteInfo = LinqToObjectiveC;
		};
		2A48C5B11FB99DF5007EABD7 /* PBXContainerItemProxy */ = {
			isa = PBXContainerItemProxy;
			containerPortal = 2AB6D3801FB99B3500E04677 /* ObjectiveFlickr.xcodeproj */;
			proxyType = 1;
			remoteGlobalIDString = 6ABF72E50F939BE600B9179E;
			remoteInfo = "ObjectiveFlickr (library)";
		};
		2AB1195C1FF34E410073C3A8 /* PBXContainerItemProxy */ = {
			isa = PBXContainerItemProxy;
			containerPortal = 2AB119561FF34E410073C3A8 /* GPUImage.xcodeproj */;
			proxyType = 2;
			remoteGlobalIDString = BCF1A33414DDB1EC00852800;
			remoteInfo = GPUImage;
		};
		2AB1195E1FF34E410073C3A8 /* PBXContainerItemProxy */ = {
			isa = PBXContainerItemProxy;
			containerPortal = 2AB119561FF34E410073C3A8 /* GPUImage.xcodeproj */;
			proxyType = 2;
			remoteGlobalIDString = BCE209E51943F20C002FEED8;
			remoteInfo = GPUImageFramework;
		};
		2AB119631FF34E830073C3A8 /* PBXContainerItemProxy */ = {
			isa = PBXContainerItemProxy;
			containerPortal = 2AB119561FF34E410073C3A8 /* GPUImage.xcodeproj */;
			proxyType = 1;
			remoteGlobalIDString = BCE209E41943F20C002FEED8;
			remoteInfo = GPUImageFramework;
		};
		2AB6D3861FB99B3500E04677 /* PBXContainerItemProxy */ = {
			isa = PBXContainerItemProxy;
			containerPortal = 2AB6D3801FB99B3500E04677 /* ObjectiveFlickr.xcodeproj */;
			proxyType = 2;
			remoteGlobalIDString = 6A8666490F9593B200325E1C;
			remoteInfo = "ObjectiveFlickr (framework)";
		};
		2AB6D3881FB99B3500E04677 /* PBXContainerItemProxy */ = {
			isa = PBXContainerItemProxy;
			containerPortal = 2AB6D3801FB99B3500E04677 /* ObjectiveFlickr.xcodeproj */;
			proxyType = 2;
			remoteGlobalIDString = 6ABF72E60F939BE600B9179E;
			remoteInfo = "ObjectiveFlickr (library)";
		};
		2AB6D3B21FB99C2200E04677 /* PBXContainerItemProxy */ = {
			isa = PBXContainerItemProxy;
			containerPortal = 2AB6D3A91FB99C2200E04677 /* SDWebImage.xcodeproj */;
			proxyType = 2;
			remoteGlobalIDString = 53761325155AD0D5005750A4;
			remoteInfo = "SDWebImage iOS static";
		};
		2AB6D3B41FB99C2200E04677 /* PBXContainerItemProxy */ = {
			isa = PBXContainerItemProxy;
			containerPortal = 2AB6D3A91FB99C2200E04677 /* SDWebImage.xcodeproj */;
			proxyType = 2;
			remoteGlobalIDString = 4314D1991D0E0E3B004B36C9;
			remoteInfo = "SDWebImage watchOS static";
		};
		2AB6D3B61FB99C2200E04677 /* PBXContainerItemProxy */ = {
			isa = PBXContainerItemProxy;
			containerPortal = 2AB6D3A91FB99C2200E04677 /* SDWebImage.xcodeproj */;
			proxyType = 2;
			remoteGlobalIDString = 4A2CADFF1AB4BB5300B6BC39;
			remoteInfo = "SDWebImage iOS";
		};
		2AB6D3B81FB99C2200E04677 /* PBXContainerItemProxy */ = {
			isa = PBXContainerItemProxy;
			containerPortal = 2AB6D3A91FB99C2200E04677 /* SDWebImage.xcodeproj */;
			proxyType = 2;
			remoteGlobalIDString = 00733A4C1BC487C000A5A117;
			remoteInfo = "SDWebImage tvOS";
		};
		2AB6D3BA1FB99C2200E04677 /* PBXContainerItemProxy */ = {
			isa = PBXContainerItemProxy;
			containerPortal = 2AB6D3A91FB99C2200E04677 /* SDWebImage.xcodeproj */;
			proxyType = 2;
			remoteGlobalIDString = 431BB7031D06D2C1006A3455;
			remoteInfo = "SDWebImage watchOS";
		};
		2AB6D3BC1FB99C2200E04677 /* PBXContainerItemProxy */ = {
			isa = PBXContainerItemProxy;
			containerPortal = 2AB6D3A91FB99C2200E04677 /* SDWebImage.xcodeproj */;
			proxyType = 2;
			remoteGlobalIDString = 4397D2F21D0DDD8C00BB2784;
			remoteInfo = "SDWebImage OSX";
		};
		2AB6D3BE1FB99C2E00E04677 /* PBXContainerItemProxy */ = {
			isa = PBXContainerItemProxy;
			containerPortal = 2AB6D3A91FB99C2200E04677 /* SDWebImage.xcodeproj */;
			proxyType = 1;
			remoteGlobalIDString = 53761307155AD0D5005750A4;
			remoteInfo = "SDWebImage iOS static";
		};
		2AB923DB1FFE449F00FC9BD3 /* PBXContainerItemProxy */ = {
			isa = PBXContainerItemProxy;
			containerPortal = 2AB923D51FFE449F00FC9BD3 /* LinqToObjectiveC.xcodeproj */;
			proxyType = 2;
			remoteGlobalIDString = 7E8F43811A8B92D5000F5D01;
			remoteInfo = LinqToObjectiveC;
		};
		2AB923DD1FFE449F00FC9BD3 /* PBXContainerItemProxy */ = {
			isa = PBXContainerItemProxy;
			containerPortal = 2AB923D51FFE449F00FC9BD3 /* LinqToObjectiveC.xcodeproj */;
			proxyType = 2;
			remoteGlobalIDString = 7EEE35A81AB4711000668C3E;
			remoteInfo = "LinqToObjectiveC-iOS-dynamic";
		};
		2AB923DF1FFE449F00FC9BD3 /* PBXContainerItemProxy */ = {
			isa = PBXContainerItemProxy;
			containerPortal = 2AB923D51FFE449F00FC9BD3 /* LinqToObjectiveC.xcodeproj */;
			proxyType = 2;
			remoteGlobalIDString = 7EEE35CB1AB4718500668C3E;
			remoteInfo = "LinqToObjectiveC-iOS-static";
		};
		2AB923EB1FFE44BD00FC9BD3 /* PBXContainerItemProxy */ = {
			isa = PBXContainerItemProxy;
			containerPortal = 2AB923E11FFE44BD00FC9BD3 /* ReactiveObjC.xcodeproj */;
			proxyType = 2;
			remoteGlobalIDString = D04725EA19E49ED7006002AA;
			remoteInfo = "ReactiveObjC-macOS";
		};
		2AB923ED1FFE44BD00FC9BD3 /* PBXContainerItemProxy */ = {
			isa = PBXContainerItemProxy;
			containerPortal = 2AB923E11FFE44BD00FC9BD3 /* ReactiveObjC.xcodeproj */;
			proxyType = 2;
			remoteGlobalIDString = D04725F519E49ED7006002AA;
			remoteInfo = "ReactiveObjC-macOSTests";
		};
		2AB923EF1FFE44BD00FC9BD3 /* PBXContainerItemProxy */ = {
			isa = PBXContainerItemProxy;
			containerPortal = 2AB923E11FFE44BD00FC9BD3 /* ReactiveObjC.xcodeproj */;
			proxyType = 2;
			remoteGlobalIDString = D047260C19E49F82006002AA;
			remoteInfo = "ReactiveObjC-iOS";
		};
		2AB923F11FFE44BD00FC9BD3 /* PBXContainerItemProxy */ = {
			isa = PBXContainerItemProxy;
			containerPortal = 2AB923E11FFE44BD00FC9BD3 /* ReactiveObjC.xcodeproj */;
			proxyType = 2;
			remoteGlobalIDString = D047261619E49F82006002AA;
			remoteInfo = "ReactiveObjC-iOSTests";
		};
		2AB923F31FFE44BD00FC9BD3 /* PBXContainerItemProxy */ = {
			isa = PBXContainerItemProxy;
			containerPortal = 2AB923E11FFE44BD00FC9BD3 /* ReactiveObjC.xcodeproj */;
			proxyType = 2;
			remoteGlobalIDString = A9B315541B3940610001CB9C;
			remoteInfo = "ReactiveObjC-watchOS";
		};
		2AB923F51FFE44BD00FC9BD3 /* PBXContainerItemProxy */ = {
			isa = PBXContainerItemProxy;
			containerPortal = 2AB923E11FFE44BD00FC9BD3 /* ReactiveObjC.xcodeproj */;
			proxyType = 2;
			remoteGlobalIDString = 57A4D2411BA13D7A00F7D4B1;
			remoteInfo = "ReactiveObjC-tvOS";
		};
		2AB923F71FFE44BD00FC9BD3 /* PBXContainerItemProxy */ = {
			isa = PBXContainerItemProxy;
			containerPortal = 2AB923E11FFE44BD00FC9BD3 /* ReactiveObjC.xcodeproj */;
			proxyType = 2;
			remoteGlobalIDString = 7DFBED031CDB8C9500EE435B;
			remoteInfo = "ReactiveObjC-tvOSTests";
		};
		2AB923FB1FFE44D500FC9BD3 /* PBXContainerItemProxy */ = {
			isa = PBXContainerItemProxy;
			containerPortal = 2AB923E11FFE44BD00FC9BD3 /* ReactiveObjC.xcodeproj */;
			proxyType = 1;
			remoteGlobalIDString = D047260B19E49F82006002AA;
			remoteInfo = "ReactiveObjC-iOS";
		};
		2AB924031FFE45BA00FC9BD3 /* PBXContainerItemProxy */ = {
			isa = PBXContainerItemProxy;
			containerPortal = 2AB923D51FFE449F00FC9BD3 /* LinqToObjectiveC.xcodeproj */;
			proxyType = 1;
			remoteGlobalIDString = 7E8F43801A8B92D5000F5D01;
			remoteInfo = LinqToObjectiveC;
		};
		2AB924061FFE45D400FC9BD3 /* PBXContainerItemProxy */ = {
			isa = PBXContainerItemProxy;
			containerPortal = 2AB6D3A91FB99C2200E04677 /* SDWebImage.xcodeproj */;
			proxyType = 1;
			remoteGlobalIDString = 53761307155AD0D5005750A4;
			remoteInfo = "SDWebImage iOS static";
		};
/* End PBXContainerItemProxy section */

/* Begin PBXCopyFilesBuildPhase section */
		2A32D2E31FB2B14D0085742F /* Embed Frameworks */ = {
			isa = PBXCopyFilesBuildPhase;
			buildActionMask = 2147483647;
			dstPath = "";
			dstSubfolderSpec = 10;
			files = (
				2A32D36E1FB409FA0085742F /* RevealServer.framework in Embed Frameworks */,
				0B12C7D21FB36109001738A0 /* ReactiveObjC.framework in Embed Frameworks */,
			);
			name = "Embed Frameworks";
			runOnlyForDeploymentPostprocessing = 0;
		};
		2A59B63920037D1E007B41C2 /* CopyFiles */ = {
			isa = PBXCopyFilesBuildPhase;
			buildActionMask = 2147483647;
			dstPath = /usr/share/man/man1/;
			dstSubfolderSpec = 0;
			files = (
			);
			runOnlyForDeploymentPostprocessing = 1;
		};
		2AB119651FF34E830073C3A8 /* Embed Frameworks */ = {
			isa = PBXCopyFilesBuildPhase;
			buildActionMask = 2147483647;
			dstPath = "";
			dstSubfolderSpec = 10;
			files = (
				2AB119621FF34E830073C3A8 /* GPUImage.framework in Embed Frameworks */,
				2AB924011FFE459800FC9BD3 /* RevealServer.framework in Embed Frameworks */,
				2AB923FA1FFE44D500FC9BD3 /* ReactiveObjC.framework in Embed Frameworks */,
			);
			name = "Embed Frameworks";
			runOnlyForDeploymentPostprocessing = 0;
		};
/* End PBXCopyFilesBuildPhase section */

/* Begin PBXFileReference section */
		0B01E34C1FBF28C300D0C6FD /* RWTFlickrPhotoMetadata.h */ = {isa = PBXFileReference; lastKnownFileType = sourcecode.c.h; path = RWTFlickrPhotoMetadata.h; sourceTree = "<group>"; };
		0B01E34D1FBF28C300D0C6FD /* RWTFlickrPhotoMetadata.m */ = {isa = PBXFileReference; lastKnownFileType = sourcecode.c.objc; path = RWTFlickrPhotoMetadata.m; sourceTree = "<group>"; };
		0B01E35E1FBF2B9800D0C6FD /* RWTFlickrSearchResultsItemViewModel.h */ = {isa = PBXFileReference; lastKnownFileType = sourcecode.c.h; path = RWTFlickrSearchResultsItemViewModel.h; sourceTree = "<group>"; };
		0B01E35F1FBF2B9800D0C6FD /* RWTFlickrSearchResultsItemViewModel.m */ = {isa = PBXFileReference; lastKnownFileType = sourcecode.c.objc; path = RWTFlickrSearchResultsItemViewModel.m; sourceTree = "<group>"; };
		0B12C7B71FB360E3001738A0 /* ReactiveObjC.xcodeproj */ = {isa = PBXFileReference; lastKnownFileType = "wrapper.pb-project"; name = ReactiveObjC.xcodeproj; path = ReactiveObjC/ReactiveObjC.xcodeproj; sourceTree = SOURCE_ROOT; };
		0B1496351FC1C9310084BA60 /* CETableViewBindingHelper.m */ = {isa = PBXFileReference; fileEncoding = 4; lastKnownFileType = sourcecode.c.objc; path = CETableViewBindingHelper.m; sourceTree = "<group>"; };
		0B1496361FC1C9310084BA60 /* CEReactiveView.h */ = {isa = PBXFileReference; fileEncoding = 4; lastKnownFileType = sourcecode.c.h; path = CEReactiveView.h; sourceTree = "<group>"; };
		0B1496371FC1C9320084BA60 /* CETableViewBindingHelper.h */ = {isa = PBXFileReference; fileEncoding = 4; lastKnownFileType = sourcecode.c.h; path = CETableViewBindingHelper.h; sourceTree = "<group>"; };
		0B388FB32007745A00CF5782 /* glfw3.h */ = {isa = PBXFileReference; fileEncoding = 4; lastKnownFileType = sourcecode.c.h; path = glfw3.h; sourceTree = "<group>"; };
		0B388FB42007745A00CF5782 /* glfw3native.h */ = {isa = PBXFileReference; fileEncoding = 4; lastKnownFileType = sourcecode.c.h; path = glfw3native.h; sourceTree = "<group>"; };
		0B388FB52007745A00CF5782 /* libglfw3.a */ = {isa = PBXFileReference; lastKnownFileType = archive.ar; path = libglfw3.a; sourceTree = "<group>"; };
		0B388FB92007745A00CF5782 /* glad.h */ = {isa = PBXFileReference; fileEncoding = 4; lastKnownFileType = sourcecode.c.h; path = glad.h; sourceTree = "<group>"; };
		0B388FBB2007745A00CF5782 /* khrplatform.h */ = {isa = PBXFileReference; fileEncoding = 4; lastKnownFileType = sourcecode.c.h; path = khrplatform.h; sourceTree = "<group>"; };
		0B388FBD2007745A00CF5782 /* glad.c */ = {isa = PBXFileReference; fileEncoding = 4; lastKnownFileType = sourcecode.c.c; path = glad.c; sourceTree = "<group>"; };
		0B388FC02007779800CF5782 /* OpenGL.framework */ = {isa = PBXFileReference; lastKnownFileType = wrapper.framework; name = OpenGL.framework; path = Platforms/MacOSX.platform/Developer/SDKs/MacOSX10.13.sdk/System/Library/Frameworks/OpenGL.framework; sourceTree = DEVELOPER_DIR; };
		0B388FC2200777A500CF5782 /* IOKit.framework */ = {isa = PBXFileReference; lastKnownFileType = wrapper.framework; name = IOKit.framework; path = Platforms/MacOSX.platform/Developer/SDKs/MacOSX10.13.sdk/System/Library/Frameworks/IOKit.framework; sourceTree = DEVELOPER_DIR; };
		0B55504D1FB6A91B005DC829 /* LinqToObjectiveC.xcodeproj */ = {isa = PBXFileReference; lastKnownFileType = "wrapper.pb-project"; name = LinqToObjectiveC.xcodeproj; path = LinqToObjectiveC/LinqToObjectiveC/LinqToObjectiveC.xcodeproj; sourceTree = SOURCE_ROOT; };
		2A32D3371FB3ECBF0085742F /* RWSearchFormViewController.m */ = {isa = PBXFileReference; fileEncoding = 4; lastKnownFileType = sourcecode.c.objc; path = RWSearchFormViewController.m; sourceTree = "<group>"; };
		2A32D33E1FB3ECC00085742F /* RWSearchFormViewController.h */ = {isa = PBXFileReference; fileEncoding = 4; lastKnownFileType = sourcecode.c.h; path = RWSearchFormViewController.h; sourceTree = "<group>"; };
		2A32D3401FB3ECD50085742F /* RWSearchResultsViewController.h */ = {isa = PBXFileReference; fileEncoding = 4; lastKnownFileType = sourcecode.c.h; path = RWSearchResultsViewController.h; sourceTree = "<group>"; };
		2A32D3411FB3ECD50085742F /* RWSearchResultsViewController.m */ = {isa = PBXFileReference; fileEncoding = 4; lastKnownFileType = sourcecode.c.objc; path = RWSearchResultsViewController.m; sourceTree = "<group>"; };
		2A32D3431FB3ECE90085742F /* RWTableViewCell.m */ = {isa = PBXFileReference; fileEncoding = 4; lastKnownFileType = sourcecode.c.objc; path = RWTableViewCell.m; sourceTree = "<group>"; };
		2A32D3441FB3ECE90085742F /* RWTableViewCell.h */ = {isa = PBXFileReference; fileEncoding = 4; lastKnownFileType = sourcecode.c.h; path = RWTableViewCell.h; sourceTree = "<group>"; };
		2A32D3451FB3ECE90085742F /* RWTweet.m */ = {isa = PBXFileReference; fileEncoding = 4; lastKnownFileType = sourcecode.c.objc; path = RWTweet.m; sourceTree = "<group>"; };
		2A32D3461FB3ECE90085742F /* RWTweet.h */ = {isa = PBXFileReference; fileEncoding = 4; lastKnownFileType = sourcecode.c.h; path = RWTweet.h; sourceTree = "<group>"; };
		2A32D3491FB3F0C90085742F /* background.jpg */ = {isa = PBXFileReference; lastKnownFileType = image.jpeg; path = background.jpg; sourceTree = "<group>"; };
		2A32D36C1FB409F90085742F /* RevealServer.framework */ = {isa = PBXFileReference; lastKnownFileType = wrapper.framework; path = RevealServer.framework; sourceTree = "<group>"; };
		2A344E451FFF1BEF00050387 /* GPUImageVideoCompositionEditor.h */ = {isa = PBXFileReference; lastKnownFileType = sourcecode.c.h; path = GPUImageVideoCompositionEditor.h; sourceTree = "<group>"; };
		2A344E461FFF1BEF00050387 /* GPUImageVideoCompositionEditor.m */ = {isa = PBXFileReference; lastKnownFileType = sourcecode.c.objc; path = GPUImageVideoCompositionEditor.m; sourceTree = "<group>"; };
		2A344E611FFF1E2C00050387 /* VideoCompositionEditor.h */ = {isa = PBXFileReference; lastKnownFileType = sourcecode.c.h; path = VideoCompositionEditor.h; sourceTree = "<group>"; };
		2A344E621FFF1E2C00050387 /* VideoCompositionEditor.m */ = {isa = PBXFileReference; lastKnownFileType = sourcecode.c.objc; path = VideoCompositionEditor.m; sourceTree = "<group>"; };
		2A47709D1FBC15DE00B4618A /* RWTFlickrSearchResultsViewModel.h */ = {isa = PBXFileReference; lastKnownFileType = sourcecode.c.h; path = RWTFlickrSearchResultsViewModel.h; sourceTree = "<group>"; };
		2A47709E1FBC15DE00B4618A /* RWTFlickrSearchResultsViewModel.m */ = {isa = PBXFileReference; lastKnownFileType = sourcecode.c.objc; path = RWTFlickrSearchResultsViewModel.m; sourceTree = "<group>"; };
		2A4770C31FBC2B5D00B4618A /* RWTFlickrSearchResultsViewController.xib */ = {isa = PBXFileReference; fileEncoding = 4; lastKnownFileType = file.xib; path = RWTFlickrSearchResultsViewController.xib; sourceTree = "<group>"; };
		2A48C5B81FB9A437007EABD7 /* RWTFlickrSearchViewController.m */ = {isa = PBXFileReference; fileEncoding = 4; lastKnownFileType = sourcecode.c.objc; path = RWTFlickrSearchViewController.m; sourceTree = "<group>"; };
		2A48C5B91FB9A437007EABD7 /* RWTFlickrSearchViewController.xib */ = {isa = PBXFileReference; fileEncoding = 4; lastKnownFileType = file.xib; path = RWTFlickrSearchViewController.xib; sourceTree = "<group>"; };
		2A48C5BA1FB9A437007EABD7 /* RWTFlickrSearchViewController.h */ = {isa = PBXFileReference; fileEncoding = 4; lastKnownFileType = sourcecode.c.h; path = RWTFlickrSearchViewController.h; sourceTree = "<group>"; };
		2A48C5BD1FB9A443007EABD7 /* RWTRecentSearchItemTableViewCell.xib */ = {isa = PBXFileReference; fileEncoding = 4; lastKnownFileType = file.xib; path = RWTRecentSearchItemTableViewCell.xib; sourceTree = "<group>"; };
		2A48C5BE1FB9A443007EABD7 /* RWTRecentSearchItemTableViewCell.m */ = {isa = PBXFileReference; fileEncoding = 4; lastKnownFileType = sourcecode.c.objc; path = RWTRecentSearchItemTableViewCell.m; sourceTree = "<group>"; };
		2A48C5BF1FB9A443007EABD7 /* RWTRecentSearchItemTableViewCell.h */ = {isa = PBXFileReference; fileEncoding = 4; lastKnownFileType = sourcecode.c.h; path = RWTRecentSearchItemTableViewCell.h; sourceTree = "<group>"; };
		2A48C5C21FB9A44E007EABD7 /* RWTFlickrSearchResultsViewController.m */ = {isa = PBXFileReference; fileEncoding = 4; lastKnownFileType = sourcecode.c.objc; path = RWTFlickrSearchResultsViewController.m; sourceTree = "<group>"; };
		2A48C5C31FB9A44E007EABD7 /* RWTFlickrSearchResultsViewController.h */ = {isa = PBXFileReference; fileEncoding = 4; lastKnownFileType = sourcecode.c.h; path = RWTFlickrSearchResultsViewController.h; sourceTree = "<group>"; };
		2A48C5C71FB9A45D007EABD7 /* fave.png */ = {isa = PBXFileReference; lastKnownFileType = image.png; path = fave.png; sourceTree = "<group>"; };
		2A48C5C81FB9A45D007EABD7 /* comment.png */ = {isa = PBXFileReference; lastKnownFileType = image.png; path = comment.png; sourceTree = "<group>"; };
		2A48C5CB1FB9A46C007EABD7 /* RWTSearchResultsTableViewCell.h */ = {isa = PBXFileReference; fileEncoding = 4; lastKnownFileType = sourcecode.c.h; path = RWTSearchResultsTableViewCell.h; sourceTree = "<group>"; };
		2A48C5CC1FB9A46D007EABD7 /* RWTSearchResultsTableViewCell.m */ = {isa = PBXFileReference; fileEncoding = 4; lastKnownFileType = sourcecode.c.objc; path = RWTSearchResultsTableViewCell.m; sourceTree = "<group>"; };
		2A48C5CD1FB9A46D007EABD7 /* RWTSearchResultsTableViewCell.xib */ = {isa = PBXFileReference; fileEncoding = 4; lastKnownFileType = file.xib; path = RWTSearchResultsTableViewCell.xib; sourceTree = "<group>"; };
		2A48C5D01FB9AABA007EABD7 /* RWTFlickrSearchViewModel.h */ = {isa = PBXFileReference; lastKnownFileType = sourcecode.c.h; path = RWTFlickrSearchViewModel.h; sourceTree = "<group>"; };
		2A48C5D11FB9AABA007EABD7 /* RWTFlickrSearchViewModel.m */ = {isa = PBXFileReference; lastKnownFileType = sourcecode.c.objc; path = RWTFlickrSearchViewModel.m; sourceTree = "<group>"; };
		2A4CA0BD2004B681003DE924 /* GPUImageBeautifyFilter.h */ = {isa = PBXFileReference; fileEncoding = 4; lastKnownFileType = sourcecode.c.h; path = GPUImageBeautifyFilter.h; sourceTree = "<group>"; };
		2A4CA0BE2004B681003DE924 /* GPUImageBeautifyFilter.m */ = {isa = PBXFileReference; fileEncoding = 4; lastKnownFileType = sourcecode.c.objc; path = GPUImageBeautifyFilter.m; sourceTree = "<group>"; };
		2A4CA0DB2004BA69003DE924 /* Crown@2x.png */ = {isa = PBXFileReference; lastKnownFileType = image.png; path = "Crown@2x.png"; sourceTree = "<group>"; };
		2A59B63B20037D1E007B41C2 /* GLFlow */ = {isa = PBXFileReference; explicitFileType = "compiled.mach-o.executable"; includeInIndex = 0; path = GLFlow; sourceTree = BUILT_PRODUCTS_DIR; };
		2A59B63D20037D1E007B41C2 /* main.mm */ = {isa = PBXFileReference; lastKnownFileType = sourcecode.cpp.objcpp; path = main.mm; sourceTree = "<group>"; };
		2A59B64820037F7E007B41C2 /* CoreVideo.framework */ = {isa = PBXFileReference; lastKnownFileType = wrapper.framework; name = CoreVideo.framework; path = Platforms/MacOSX.platform/Developer/SDKs/MacOSX10.13.sdk/System/Library/Frameworks/CoreVideo.framework; sourceTree = DEVELOPER_DIR; };
		2A59B64A20037F90007B41C2 /* AppKit.framework */ = {isa = PBXFileReference; lastKnownFileType = wrapper.framework; name = AppKit.framework; path = Platforms/MacOSX.platform/Developer/SDKs/MacOSX10.13.sdk/System/Library/Frameworks/AppKit.framework; sourceTree = DEVELOPER_DIR; };
		2A68EF7F200603CF00912901 /* TransformUtil.h */ = {isa = PBXFileReference; lastKnownFileType = sourcecode.c.h; path = TransformUtil.h; sourceTree = "<group>"; };
		2A68EF80200603CF00912901 /* TransformUtil.m */ = {isa = PBXFileReference; lastKnownFileType = sourcecode.c.objc; path = TransformUtil.m; sourceTree = "<group>"; };
		2A6F94A41FF50B490065DB6C /* watermark.png */ = {isa = PBXFileReference; lastKnownFileType = image.png; path = watermark.png; sourceTree = "<group>"; };
		2A9A80871FBAA3540000E2C5 /* RWTFlickrSearch.h */ = {isa = PBXFileReference; lastKnownFileType = sourcecode.c.h; path = RWTFlickrSearch.h; sourceTree = "<group>"; };
		2A9A80931FBAA79F0000E2C5 /* RWTFlickrSearchImpl.h */ = {isa = PBXFileReference; lastKnownFileType = sourcecode.c.h; path = RWTFlickrSearchImpl.h; sourceTree = "<group>"; };
		2A9A80941FBAA79F0000E2C5 /* RWTFlickrSearchImpl.m */ = {isa = PBXFileReference; lastKnownFileType = sourcecode.c.objc; path = RWTFlickrSearchImpl.m; sourceTree = "<group>"; };
		2A9A80961FBAA8980000E2C5 /* RWTFlickrViewModelService.h */ = {isa = PBXFileReference; lastKnownFileType = sourcecode.c.h; path = RWTFlickrViewModelService.h; sourceTree = "<group>"; };
		2A9A80971FBAD3CE0000E2C5 /* RWTFlickrViewModelServiceImpl.h */ = {isa = PBXFileReference; lastKnownFileType = sourcecode.c.h; path = RWTFlickrViewModelServiceImpl.h; sourceTree = "<group>"; };
		2A9A80981FBAD3CE0000E2C5 /* RWTFlickrViewModelServiceImpl.m */ = {isa = PBXFileReference; lastKnownFileType = sourcecode.c.objc; path = RWTFlickrViewModelServiceImpl.m; sourceTree = "<group>"; };
		2A9A80A61FBAECC50000E2C5 /* RWTFlickrPhoto.h */ = {isa = PBXFileReference; lastKnownFileType = sourcecode.c.h; path = RWTFlickrPhoto.h; sourceTree = "<group>"; };
		2A9A80A71FBAECC50000E2C5 /* RWTFlickrPhoto.m */ = {isa = PBXFileReference; lastKnownFileType = sourcecode.c.objc; path = RWTFlickrPhoto.m; sourceTree = "<group>"; };
		2A9A80A91FBAED3A0000E2C5 /* RWTFlickrSearchResults.h */ = {isa = PBXFileReference; lastKnownFileType = sourcecode.c.h; path = RWTFlickrSearchResults.h; sourceTree = "<group>"; };
		2A9A80AA1FBAED3A0000E2C5 /* RWTFlickrSearchResults.m */ = {isa = PBXFileReference; lastKnownFileType = sourcecode.c.objc; path = RWTFlickrSearchResults.m; sourceTree = "<group>"; };
		2A9B142A1FB4381B0015740A /* Accounts.framework */ = {isa = PBXFileReference; lastKnownFileType = wrapper.framework; name = Accounts.framework; path = System/Library/Frameworks/Accounts.framework; sourceTree = SDKROOT; };
		2A9B142B1FB438230015740A /* Social.framework */ = {isa = PBXFileReference; lastKnownFileType = wrapper.framework; name = Social.framework; path = System/Library/Frameworks/Social.framework; sourceTree = SDKROOT; };
		2AB119301FF34C9F0073C3A8 /* MediaComposition.app */ = {isa = PBXFileReference; explicitFileType = wrapper.application; includeInIndex = 0; path = MediaComposition.app; sourceTree = BUILT_PRODUCTS_DIR; };
		2AB119321FF34C9F0073C3A8 /* AppDelegate.h */ = {isa = PBXFileReference; lastKnownFileType = sourcecode.c.h; path = AppDelegate.h; sourceTree = "<group>"; };
		2AB119331FF34C9F0073C3A8 /* AppDelegate.m */ = {isa = PBXFileReference; lastKnownFileType = sourcecode.c.objc; path = AppDelegate.m; sourceTree = "<group>"; };
		2AB119351FF34C9F0073C3A8 /* ViewController.h */ = {isa = PBXFileReference; lastKnownFileType = sourcecode.c.h; path = ViewController.h; sourceTree = "<group>"; };
		2AB119361FF34C9F0073C3A8 /* ViewController.m */ = {isa = PBXFileReference; lastKnownFileType = sourcecode.c.objc; path = ViewController.m; sourceTree = "<group>"; };
		2AB119391FF34C9F0073C3A8 /* Base */ = {isa = PBXFileReference; lastKnownFileType = file.storyboard; name = Base; path = Base.lproj/Main.storyboard; sourceTree = "<group>"; };
		2AB1193B1FF34C9F0073C3A8 /* Assets.xcassets */ = {isa = PBXFileReference; lastKnownFileType = folder.assetcatalog; path = Assets.xcassets; sourceTree = "<group>"; };
		2AB1193E1FF34C9F0073C3A8 /* Base */ = {isa = PBXFileReference; lastKnownFileType = file.storyboard; name = Base; path = Base.lproj/LaunchScreen.storyboard; sourceTree = "<group>"; };
		2AB119401FF34C9F0073C3A8 /* Info.plist */ = {isa = PBXFileReference; lastKnownFileType = text.plist.xml; path = Info.plist; sourceTree = "<group>"; };
		2AB119411FF34C9F0073C3A8 /* main.m */ = {isa = PBXFileReference; lastKnownFileType = sourcecode.c.objc; path = main.m; sourceTree = "<group>"; };
		2AB119561FF34E410073C3A8 /* GPUImage.xcodeproj */ = {isa = PBXFileReference; lastKnownFileType = "wrapper.pb-project"; name = GPUImage.xcodeproj; path = GPUImage/framework/GPUImage.xcodeproj; sourceTree = SOURCE_ROOT; };
		2AB1197D1FF355A50073C3A8 /* abc.mp4 */ = {isa = PBXFileReference; lastKnownFileType = file; path = abc.mp4; sourceTree = "<group>"; };
		2AB6D3801FB99B3500E04677 /* ObjectiveFlickr.xcodeproj */ = {isa = PBXFileReference; lastKnownFileType = "wrapper.pb-project"; name = ObjectiveFlickr.xcodeproj; path = objectiveflickr/ObjectiveFlickr.xcodeproj; sourceTree = SOURCE_ROOT; };
		2AB6D3A91FB99C2200E04677 /* SDWebImage.xcodeproj */ = {isa = PBXFileReference; lastKnownFileType = "wrapper.pb-project"; name = SDWebImage.xcodeproj; path = SDWebImage/SDWebImage.xcodeproj; sourceTree = SOURCE_ROOT; };
		2AB6D3C11FB99C4F00E04677 /* SystemConfiguration.framework */ = {isa = PBXFileReference; lastKnownFileType = wrapper.framework; name = SystemConfiguration.framework; path = System/Library/Frameworks/SystemConfiguration.framework; sourceTree = SDKROOT; };
		2AB6D3C21FB99C5C00E04677 /* CFNetwork.framework */ = {isa = PBXFileReference; lastKnownFileType = wrapper.framework; name = CFNetwork.framework; path = System/Library/Frameworks/CFNetwork.framework; sourceTree = SDKROOT; };
		2AB923961FFDCFA400FC9BD3 /* MediaCompositionViewController.h */ = {isa = PBXFileReference; lastKnownFileType = sourcecode.c.h; path = MediaCompositionViewController.h; sourceTree = "<group>"; };
		2AB923971FFDCFA400FC9BD3 /* MediaCompositionViewController.m */ = {isa = PBXFileReference; lastKnownFileType = sourcecode.c.objc; path = MediaCompositionViewController.m; sourceTree = "<group>"; };
		2AB923CC1FFE06A600FC9BD3 /* qwe.mp4 */ = {isa = PBXFileReference; lastKnownFileType = file; path = qwe.mp4; sourceTree = "<group>"; };
		2AB923CE1FFE261000FC9BD3 /* AVFVideoCompositionEditor.h */ = {isa = PBXFileReference; lastKnownFileType = sourcecode.c.h; path = AVFVideoCompositionEditor.h; sourceTree = "<group>"; };
		2AB923CF1FFE261000FC9BD3 /* AVFVideoCompositionEditor.m */ = {isa = PBXFileReference; lastKnownFileType = sourcecode.c.objc; path = AVFVideoCompositionEditor.m; sourceTree = "<group>"; };
		2AB923D21FFE430F00FC9BD3 /* PhotoUtils.h */ = {isa = PBXFileReference; lastKnownFileType = sourcecode.c.h; path = PhotoUtils.h; sourceTree = "<group>"; };
		2AB923D31FFE430F00FC9BD3 /* PhotoUtils.m */ = {isa = PBXFileReference; lastKnownFileType = sourcecode.c.objc; path = PhotoUtils.m; sourceTree = "<group>"; };
		2AB923D51FFE449F00FC9BD3 /* LinqToObjectiveC.xcodeproj */ = {isa = PBXFileReference; lastKnownFileType = "wrapper.pb-project"; name = LinqToObjectiveC.xcodeproj; path = LinqToObjectiveC/LinqToObjectiveC/LinqToObjectiveC.xcodeproj; sourceTree = SOURCE_ROOT; };
		2AB923E11FFE44BD00FC9BD3 /* ReactiveObjC.xcodeproj */ = {isa = PBXFileReference; lastKnownFileType = "wrapper.pb-project"; name = ReactiveObjC.xcodeproj; path = ReactiveObjC/ReactiveObjC.xcodeproj; sourceTree = SOURCE_ROOT; };
		721E122618698DC100B30134 /* kitten.jpg */ = {isa = PBXFileReference; lastKnownFileType = image.jpeg; path = kitten.jpg; sourceTree = "<group>"; };
		72A2881A18618A2E00DDD30A /* RWReactivePlayground.app */ = {isa = PBXFileReference; explicitFileType = wrapper.application; includeInIndex = 0; path = RWReactivePlayground.app; sourceTree = BUILT_PRODUCTS_DIR; };
		72A2881D18618A2E00DDD30A /* Foundation.framework */ = {isa = PBXFileReference; lastKnownFileType = wrapper.framework; name = Foundation.framework; path = System/Library/Frameworks/Foundation.framework; sourceTree = SDKROOT; };
		72A2881F18618A2E00DDD30A /* CoreGraphics.framework */ = {isa = PBXFileReference; lastKnownFileType = wrapper.framework; name = CoreGraphics.framework; path = System/Library/Frameworks/CoreGraphics.framework; sourceTree = SDKROOT; };
		72A2882118618A2E00DDD30A /* UIKit.framework */ = {isa = PBXFileReference; lastKnownFileType = wrapper.framework; name = UIKit.framework; path = System/Library/Frameworks/UIKit.framework; sourceTree = SDKROOT; };
		72A2882518618A2E00DDD30A /* RWReactivePlayground-Info.plist */ = {isa = PBXFileReference; lastKnownFileType = text.plist.xml; path = "RWReactivePlayground-Info.plist"; sourceTree = "<group>"; };
		72A2882718618A2E00DDD30A /* en */ = {isa = PBXFileReference; lastKnownFileType = text.plist.strings; name = en; path = en.lproj/InfoPlist.strings; sourceTree = "<group>"; };
		72A2882918618A2E00DDD30A /* main.m */ = {isa = PBXFileReference; lastKnownFileType = sourcecode.c.objc; path = main.m; sourceTree = "<group>"; };
		72A2882B18618A2E00DDD30A /* RWReactivePlayground-Prefix.pch */ = {isa = PBXFileReference; lastKnownFileType = sourcecode.c.h; path = "RWReactivePlayground-Prefix.pch"; sourceTree = "<group>"; };
		72A2882C18618A2E00DDD30A /* RWAppDelegate.h */ = {isa = PBXFileReference; lastKnownFileType = sourcecode.c.h; path = RWAppDelegate.h; sourceTree = "<group>"; };
		72A2882D18618A2E00DDD30A /* RWAppDelegate.m */ = {isa = PBXFileReference; lastKnownFileType = sourcecode.c.objc; path = RWAppDelegate.m; sourceTree = "<group>"; };
		72A2883018618A2E00DDD30A /* Base */ = {isa = PBXFileReference; lastKnownFileType = file.storyboard; name = Base; path = Base.lproj/Main.storyboard; sourceTree = "<group>"; };
		72A2883218618A2E00DDD30A /* RWViewController.h */ = {isa = PBXFileReference; lastKnownFileType = sourcecode.c.h; path = RWViewController.h; sourceTree = "<group>"; };
		72A2883318618A2E00DDD30A /* RWViewController.m */ = {isa = PBXFileReference; lastKnownFileType = sourcecode.c.objc; path = RWViewController.m; sourceTree = "<group>"; };
		72A2883518618A2E00DDD30A /* Images.xcassets */ = {isa = PBXFileReference; lastKnownFileType = folder.assetcatalog; path = Images.xcassets; sourceTree = "<group>"; };
		72A2883C18618A2E00DDD30A /* XCTest.framework */ = {isa = PBXFileReference; lastKnownFileType = wrapper.framework; name = XCTest.framework; path = Library/Frameworks/XCTest.framework; sourceTree = DEVELOPER_DIR; };
		72A2885218620EA100DDD30A /* RWDummySignInService.h */ = {isa = PBXFileReference; fileEncoding = 4; lastKnownFileType = sourcecode.c.h; path = RWDummySignInService.h; sourceTree = "<group>"; };
		72A2885318620EA100DDD30A /* RWDummySignInService.m */ = {isa = PBXFileReference; fileEncoding = 4; lastKnownFileType = sourcecode.c.objc; path = RWDummySignInService.m; sourceTree = "<group>"; };
/* End PBXFileReference section */

/* Begin PBXFrameworksBuildPhase section */
		2A59B63820037D1E007B41C2 /* Frameworks */ = {
			isa = PBXFrameworksBuildPhase;
			buildActionMask = 2147483647;
			files = (
				0B388FC3200777A500CF5782 /* IOKit.framework in Frameworks */,
				2A59B64B20037F91007B41C2 /* AppKit.framework in Frameworks */,
				2A59B64920037F7E007B41C2 /* CoreVideo.framework in Frameworks */,
				0B388FBE2007745A00CF5782 /* libglfw3.a in Frameworks */,
			);
			runOnlyForDeploymentPostprocessing = 0;
		};
		2AB1192D1FF34C9F0073C3A8 /* Frameworks */ = {
			isa = PBXFrameworksBuildPhase;
			buildActionMask = 2147483647;
			files = (
				2AB924051FFE45CD00FC9BD3 /* libSDWebImage iOS static.a in Frameworks */,
				2AB924021FFE45B200FC9BD3 /* libLinqToObjectiveC.a in Frameworks */,
				2AB119611FF34E830073C3A8 /* GPUImage.framework in Frameworks */,
				2AB924001FFE459800FC9BD3 /* RevealServer.framework in Frameworks */,
				2AB923F91FFE44D500FC9BD3 /* ReactiveObjC.framework in Frameworks */,
			);
			runOnlyForDeploymentPostprocessing = 0;
		};
		72A2881718618A2E00DDD30A /* Frameworks */ = {
			isa = PBXFrameworksBuildPhase;
			buildActionMask = 2147483647;
			files = (
				2A48C5B71FB99F30007EABD7 /* SystemConfiguration.framework in Frameworks */,
				2AB6D3C01FB99C3400E04677 /* libSDWebImage iOS static.a in Frameworks */,
				2AB6D3A51FB99B8800E04677 /* libObjectiveFlickr.a in Frameworks */,
				0BDC4F461FB82A94001AE26A /* libLinqToObjectiveC.a in Frameworks */,
				0B12C7D11FB36109001738A0 /* ReactiveObjC.framework in Frameworks */,
				72A2882018618A2E00DDD30A /* CoreGraphics.framework in Frameworks */,
				72A2882218618A2E00DDD30A /* UIKit.framework in Frameworks */,
				72A2881E18618A2E00DDD30A /* Foundation.framework in Frameworks */,
				2A32D36D1FB409FA0085742F /* RevealServer.framework in Frameworks */,
			);
			runOnlyForDeploymentPostprocessing = 0;
		};
/* End PBXFrameworksBuildPhase section */

/* Begin PBXGroup section */
		0B12C7B61FB360DC001738A0 /* Vendor */ = {
			isa = PBXGroup;
			children = (
				2AB6D3A91FB99C2200E04677 /* SDWebImage.xcodeproj */,
				2AB6D3801FB99B3500E04677 /* ObjectiveFlickr.xcodeproj */,
				0B55504D1FB6A91B005DC829 /* LinqToObjectiveC.xcodeproj */,
				0B12C7B71FB360E3001738A0 /* ReactiveObjC.xcodeproj */,
			);
			name = Vendor;
			path = RWReactivePlayground/Vendor;
			sourceTree = SOURCE_ROOT;
		};
		0B12C7B81FB360E3001738A0 /* Products */ = {
			isa = PBXGroup;
			children = (
				0B12C7C21FB360E3001738A0 /* ReactiveObjC.framework */,
				0B12C7C41FB360E3001738A0 /* ReactiveObjCTests.xctest */,
				0B12C7C61FB360E3001738A0 /* ReactiveObjC.framework */,
				0B12C7C81FB360E3001738A0 /* ReactiveObjCTests.xctest */,
				0B12C7CA1FB360E3001738A0 /* ReactiveObjC.framework */,
				0B12C7CC1FB360E3001738A0 /* ReactiveObjC.framework */,
				0B12C7CE1FB360E3001738A0 /* ReactiveObjCTests.xctest */,
			);
			name = Products;
			sourceTree = "<group>";
		};
		0B1496251FC1C9210084BA60 /* Util */ = {
			isa = PBXGroup;
			children = (
				0B1496361FC1C9310084BA60 /* CEReactiveView.h */,
				0B1496371FC1C9320084BA60 /* CETableViewBindingHelper.h */,
				0B1496351FC1C9310084BA60 /* CETableViewBindingHelper.m */,
			);
			path = Util;
			sourceTree = "<group>";
		};
		0B388FB12007745A00CF5782 /* glfw */ = {
			isa = PBXGroup;
			children = (
				0B388FB22007745A00CF5782 /* include */,
				0B388FB52007745A00CF5782 /* libglfw3.a */,
			);
			path = glfw;
			sourceTree = "<group>";
		};
		0B388FB22007745A00CF5782 /* include */ = {
			isa = PBXGroup;
			children = (
				0B388FB32007745A00CF5782 /* glfw3.h */,
				0B388FB42007745A00CF5782 /* glfw3native.h */,
			);
			path = include;
			sourceTree = "<group>";
		};
		0B388FB62007745A00CF5782 /* glad */ = {
			isa = PBXGroup;
			children = (
				0B388FB72007745A00CF5782 /* include */,
				0B388FBC2007745A00CF5782 /* src */,
			);
			path = glad;
			sourceTree = "<group>";
		};
		0B388FB72007745A00CF5782 /* include */ = {
			isa = PBXGroup;
			children = (
				0B388FB82007745A00CF5782 /* glad */,
				0B388FBA2007745A00CF5782 /* KHR */,
			);
			path = include;
			sourceTree = "<group>";
		};
		0B388FB82007745A00CF5782 /* glad */ = {
			isa = PBXGroup;
			children = (
				0B388FB92007745A00CF5782 /* glad.h */,
			);
			path = glad;
			sourceTree = "<group>";
		};
		0B388FBA2007745A00CF5782 /* KHR */ = {
			isa = PBXGroup;
			children = (
				0B388FBB2007745A00CF5782 /* khrplatform.h */,
			);
			path = KHR;
			sourceTree = "<group>";
		};
		0B388FBC2007745A00CF5782 /* src */ = {
			isa = PBXGroup;
			children = (
				0B388FBD2007745A00CF5782 /* glad.c */,
			);
			path = src;
			sourceTree = "<group>";
		};
		0B55504E1FB6A91B005DC829 /* Products */ = {
			isa = PBXGroup;
			children = (
				0B5550541FB6A91B005DC829 /* libLinqToObjectiveC.a */,
				0B5550561FB6A91B005DC829 /* LinqToObjectiveC.framework */,
				0B5550581FB6A91B005DC829 /* LinqToObjectiveC.framework */,
			);
			name = Products;
			sourceTree = "<group>";
		};
		2A4770C51FBC2E5600B4618A /* RACTweet */ = {
			isa = PBXGroup;
			children = (
				2A4770C81FBC2EDD00B4618A /* Model */,
				2A4770C71FBC2ECE00B4618A /* View */,
			);
			path = RACTweet;
			sourceTree = "<group>";
		};
		2A4770C61FBC2E8100B4618A /* MVVMFlickr */ = {
			isa = PBXGroup;
			children = (
				0B1496251FC1C9210084BA60 /* Util */,
				2A4770CC1FBC2F1D00B4618A /* ViewModel */,
				2A4770CB1FBC2F1800B4618A /* View */,
				2A4770CA1FBC2F0300B4618A /* Model */,
			);
			path = MVVMFlickr;
			sourceTree = "<group>";
		};
		2A4770C71FBC2ECE00B4618A /* View */ = {
			isa = PBXGroup;
			children = (
				72A2883218618A2E00DDD30A /* RWViewController.h */,
				72A2883318618A2E00DDD30A /* RWViewController.m */,
				2A32D33E1FB3ECC00085742F /* RWSearchFormViewController.h */,
				2A32D3371FB3ECBF0085742F /* RWSearchFormViewController.m */,
				2A32D3401FB3ECD50085742F /* RWSearchResultsViewController.h */,
				2A32D3411FB3ECD50085742F /* RWSearchResultsViewController.m */,
				2A32D3441FB3ECE90085742F /* RWTableViewCell.h */,
				2A32D3431FB3ECE90085742F /* RWTableViewCell.m */,
			);
			path = View;
			sourceTree = "<group>";
		};
		2A4770C81FBC2EDD00B4618A /* Model */ = {
			isa = PBXGroup;
			children = (
				2A32D3461FB3ECE90085742F /* RWTweet.h */,
				2A32D3451FB3ECE90085742F /* RWTweet.m */,
			);
			path = Model;
			sourceTree = "<group>";
		};
		2A4770CA1FBC2F0300B4618A /* Model */ = {
			isa = PBXGroup;
			children = (
				2A9A80A61FBAECC50000E2C5 /* RWTFlickrPhoto.h */,
				2A9A80A71FBAECC50000E2C5 /* RWTFlickrPhoto.m */,
				2A9A80A91FBAED3A0000E2C5 /* RWTFlickrSearchResults.h */,
				2A9A80AA1FBAED3A0000E2C5 /* RWTFlickrSearchResults.m */,
				0B01E34C1FBF28C300D0C6FD /* RWTFlickrPhotoMetadata.h */,
				0B01E34D1FBF28C300D0C6FD /* RWTFlickrPhotoMetadata.m */,
			);
			path = Model;
			sourceTree = "<group>";
		};
		2A4770CB1FBC2F1800B4618A /* View */ = {
			isa = PBXGroup;
			children = (
				2A48C5BA1FB9A437007EABD7 /* RWTFlickrSearchViewController.h */,
				2A48C5B81FB9A437007EABD7 /* RWTFlickrSearchViewController.m */,
				2A48C5B91FB9A437007EABD7 /* RWTFlickrSearchViewController.xib */,
				2A48C5C31FB9A44E007EABD7 /* RWTFlickrSearchResultsViewController.h */,
				2A48C5C21FB9A44E007EABD7 /* RWTFlickrSearchResultsViewController.m */,
				2A4770C31FBC2B5D00B4618A /* RWTFlickrSearchResultsViewController.xib */,
				2A48C5CB1FB9A46C007EABD7 /* RWTSearchResultsTableViewCell.h */,
				2A48C5CC1FB9A46D007EABD7 /* RWTSearchResultsTableViewCell.m */,
				2A48C5CD1FB9A46D007EABD7 /* RWTSearchResultsTableViewCell.xib */,
				2A48C5BF1FB9A443007EABD7 /* RWTRecentSearchItemTableViewCell.h */,
				2A48C5BE1FB9A443007EABD7 /* RWTRecentSearchItemTableViewCell.m */,
				2A48C5BD1FB9A443007EABD7 /* RWTRecentSearchItemTableViewCell.xib */,
			);
			path = View;
			sourceTree = "<group>";
		};
		2A4770CC1FBC2F1D00B4618A /* ViewModel */ = {
			isa = PBXGroup;
			children = (
				2A9A80871FBAA3540000E2C5 /* RWTFlickrSearch.h */,
				2A9A80931FBAA79F0000E2C5 /* RWTFlickrSearchImpl.h */,
				2A9A80941FBAA79F0000E2C5 /* RWTFlickrSearchImpl.m */,
				2A9A80961FBAA8980000E2C5 /* RWTFlickrViewModelService.h */,
				2A9A80971FBAD3CE0000E2C5 /* RWTFlickrViewModelServiceImpl.h */,
				2A9A80981FBAD3CE0000E2C5 /* RWTFlickrViewModelServiceImpl.m */,
				2A48C5D01FB9AABA007EABD7 /* RWTFlickrSearchViewModel.h */,
				2A48C5D11FB9AABA007EABD7 /* RWTFlickrSearchViewModel.m */,
				2A47709D1FBC15DE00B4618A /* RWTFlickrSearchResultsViewModel.h */,
				2A47709E1FBC15DE00B4618A /* RWTFlickrSearchResultsViewModel.m */,
				0B01E35E1FBF2B9800D0C6FD /* RWTFlickrSearchResultsItemViewModel.h */,
				0B01E35F1FBF2B9800D0C6FD /* RWTFlickrSearchResultsItemViewModel.m */,
			);
			path = ViewModel;
			sourceTree = "<group>";
		};
		2A4CA0BC2004B681003DE924 /* Filter */ = {
			isa = PBXGroup;
			children = (
				2A4CA0BD2004B681003DE924 /* GPUImageBeautifyFilter.h */,
				2A4CA0BE2004B681003DE924 /* GPUImageBeautifyFilter.m */,
			);
			path = Filter;
			sourceTree = "<group>";
		};
		2A59B63C20037D1E007B41C2 /* GLFlow */ = {
			isa = PBXGroup;
			children = (
				2A59B64220037D49007B41C2 /* Lib */,
				2A59B63D20037D1E007B41C2 /* main.mm */,
			);
			path = GLFlow;
			sourceTree = "<group>";
		};
		2A59B64220037D49007B41C2 /* Lib */ = {
			isa = PBXGroup;
			children = (
				0B388FB62007745A00CF5782 /* glad */,
				0B388FB12007745A00CF5782 /* glfw */,
			);
			path = Lib;
			sourceTree = "<group>";
		};
		2A59B64320037D49007B41C2 /* include */ = {
			isa = PBXGroup;
			children = (
				2A59B64420037D49007B41C2 /* glfw3.h */,
				2A59B64520037D49007B41C2 /* glfw3native.h */,
			);
			path = include;
			sourceTree = "<group>";
		};
		2AB119311FF34C9F0073C3A8 /* MediaComposition */ = {
			isa = PBXGroup;
			children = (
				2A4CA0BC2004B681003DE924 /* Filter */,
				2AB923D11FFE428100FC9BD3 /* Util */,
				2AB923CB1FFDFF4600FC9BD3 /* Composition */,
				2AB1197C1FF355960073C3A8 /* Resources */,
				2AB119551FF34E280073C3A8 /* Vendor */,
				2AB119321FF34C9F0073C3A8 /* AppDelegate.h */,
				2AB119331FF34C9F0073C3A8 /* AppDelegate.m */,
				2AB119351FF34C9F0073C3A8 /* ViewController.h */,
				2AB119361FF34C9F0073C3A8 /* ViewController.m */,
				2AB923961FFDCFA400FC9BD3 /* MediaCompositionViewController.h */,
				2AB923971FFDCFA400FC9BD3 /* MediaCompositionViewController.m */,
				2AB119381FF34C9F0073C3A8 /* Main.storyboard */,
				2AB1193B1FF34C9F0073C3A8 /* Assets.xcassets */,
				2AB1193D1FF34C9F0073C3A8 /* LaunchScreen.storyboard */,
				2AB119401FF34C9F0073C3A8 /* Info.plist */,
				2AB119411FF34C9F0073C3A8 /* main.m */,
			);
			path = MediaComposition;
			sourceTree = "<group>";
		};
		2AB119551FF34E280073C3A8 /* Vendor */ = {
			isa = PBXGroup;
			children = (
				2AB923E11FFE44BD00FC9BD3 /* ReactiveObjC.xcodeproj */,
				2AB923D51FFE449F00FC9BD3 /* LinqToObjectiveC.xcodeproj */,
				2AB119561FF34E410073C3A8 /* GPUImage.xcodeproj */,
			);
			path = Vendor;
			sourceTree = "<group>";
		};
		2AB119571FF34E410073C3A8 /* Products */ = {
			isa = PBXGroup;
			children = (
				2AB1195D1FF34E410073C3A8 /* libGPUImage.a */,
				2AB1195F1FF34E410073C3A8 /* GPUImage.framework */,
			);
			name = Products;
			sourceTree = "<group>";
		};
		2AB1197C1FF355960073C3A8 /* Resources */ = {
			isa = PBXGroup;
			children = (
				2A4CA0DB2004BA69003DE924 /* Crown@2x.png */,
				2AB923CC1FFE06A600FC9BD3 /* qwe.mp4 */,
				2A6F94A41FF50B490065DB6C /* watermark.png */,
				2AB1197D1FF355A50073C3A8 /* abc.mp4 */,
			);
			path = Resources;
			sourceTree = "<group>";
		};
		2AB6D37F1FB9983600E04677 /* Resources */ = {
			isa = PBXGroup;
			children = (
				2A48C5C81FB9A45D007EABD7 /* comment.png */,
				2A48C5C71FB9A45D007EABD7 /* fave.png */,
				72A2883518618A2E00DDD30A /* Images.xcassets */,
				721E122618698DC100B30134 /* kitten.jpg */,
				2A32D3491FB3F0C90085742F /* background.jpg */,
			);
			path = Resources;
			sourceTree = "<group>";
		};
		2AB6D3811FB99B3500E04677 /* Products */ = {
			isa = PBXGroup;
			children = (
				2AB6D3871FB99B3500E04677 /* ObjectiveFlickr.framework */,
				2AB6D3891FB99B3500E04677 /* libObjectiveFlickr.a */,
			);
			name = Products;
			sourceTree = "<group>";
		};
		2AB6D3AA1FB99C2200E04677 /* Products */ = {
			isa = PBXGroup;
			children = (
				2AB6D3B31FB99C2200E04677 /* libSDWebImage iOS static.a */,
				2AB6D3B51FB99C2200E04677 /* libSDWebImage watchOS static.a */,
				2AB6D3B71FB99C2200E04677 /* SDWebImage.framework */,
				2AB6D3B91FB99C2200E04677 /* SDWebImage.framework */,
				2AB6D3BB1FB99C2200E04677 /* SDWebImage.framework */,
				2AB6D3BD1FB99C2200E04677 /* SDWebImage.framework */,
			);
			name = Products;
			sourceTree = "<group>";
		};
		2AB923CB1FFDFF4600FC9BD3 /* Composition */ = {
			isa = PBXGroup;
			children = (
				2A344E611FFF1E2C00050387 /* VideoCompositionEditor.h */,
				2A344E621FFF1E2C00050387 /* VideoCompositionEditor.m */,
				2AB923CE1FFE261000FC9BD3 /* AVFVideoCompositionEditor.h */,
				2AB923CF1FFE261000FC9BD3 /* AVFVideoCompositionEditor.m */,
				2A344E451FFF1BEF00050387 /* GPUImageVideoCompositionEditor.h */,
				2A344E461FFF1BEF00050387 /* GPUImageVideoCompositionEditor.m */,
			);
			path = Composition;
			sourceTree = "<group>";
		};
		2AB923D11FFE428100FC9BD3 /* Util */ = {
			isa = PBXGroup;
			children = (
				2AB923D21FFE430F00FC9BD3 /* PhotoUtils.h */,
				2AB923D31FFE430F00FC9BD3 /* PhotoUtils.m */,
				2A68EF7F200603CF00912901 /* TransformUtil.h */,
				2A68EF80200603CF00912901 /* TransformUtil.m */,
			);
			path = Util;
			sourceTree = "<group>";
		};
		2AB923D61FFE449F00FC9BD3 /* Products */ = {
			isa = PBXGroup;
			children = (
				2AB923DC1FFE449F00FC9BD3 /* libLinqToObjectiveC.a */,
				2AB923DE1FFE449F00FC9BD3 /* LinqToObjectiveC.framework */,
				2AB923E01FFE449F00FC9BD3 /* LinqToObjectiveC.framework */,
			);
			name = Products;
			sourceTree = "<group>";
		};
		2AB923E21FFE44BD00FC9BD3 /* Products */ = {
			isa = PBXGroup;
			children = (
				2AB923EC1FFE44BD00FC9BD3 /* ReactiveObjC.framework */,
				2AB923EE1FFE44BD00FC9BD3 /* ReactiveObjCTests.xctest */,
				2AB923F01FFE44BD00FC9BD3 /* ReactiveObjC.framework */,
				2AB923F21FFE44BD00FC9BD3 /* ReactiveObjCTests.xctest */,
				2AB923F41FFE44BD00FC9BD3 /* ReactiveObjC.framework */,
				2AB923F61FFE44BD00FC9BD3 /* ReactiveObjC.framework */,
				2AB923F81FFE44BD00FC9BD3 /* ReactiveObjCTests.xctest */,
			);
			name = Products;
			sourceTree = "<group>";
		};
		72A2881118618A2E00DDD30A = {
			isa = PBXGroup;
			children = (
				72A2882318618A2E00DDD30A /* RWReactivePlayground */,
				2AB119311FF34C9F0073C3A8 /* MediaComposition */,
				2A59B63C20037D1E007B41C2 /* GLFlow */,
				72A2881C18618A2E00DDD30A /* Frameworks */,
				72A2881B18618A2E00DDD30A /* Products */,
			);
			sourceTree = "<group>";
		};
		72A2881B18618A2E00DDD30A /* Products */ = {
			isa = PBXGroup;
			children = (
				72A2881A18618A2E00DDD30A /* RWReactivePlayground.app */,
				2AB119301FF34C9F0073C3A8 /* MediaComposition.app */,
				2A59B63B20037D1E007B41C2 /* GLFlow */,
			);
			name = Products;
			sourceTree = "<group>";
		};
		72A2881C18618A2E00DDD30A /* Frameworks */ = {
			isa = PBXGroup;
			children = (
				0B388FC2200777A500CF5782 /* IOKit.framework */,
				0B388FC02007779800CF5782 /* OpenGL.framework */,
				2A59B64A20037F90007B41C2 /* AppKit.framework */,
				2A59B64820037F7E007B41C2 /* CoreVideo.framework */,
				2AB6D3C21FB99C5C00E04677 /* CFNetwork.framework */,
				2AB6D3C11FB99C4F00E04677 /* SystemConfiguration.framework */,
				2A9B142B1FB438230015740A /* Social.framework */,
				2A9B142A1FB4381B0015740A /* Accounts.framework */,
				2A32D36C1FB409F90085742F /* RevealServer.framework */,
				72A2881D18618A2E00DDD30A /* Foundation.framework */,
				72A2881F18618A2E00DDD30A /* CoreGraphics.framework */,
				72A2882118618A2E00DDD30A /* UIKit.framework */,
				72A2883C18618A2E00DDD30A /* XCTest.framework */,
			);
			name = Frameworks;
			sourceTree = "<group>";
		};
		72A2882318618A2E00DDD30A /* RWReactivePlayground */ = {
			isa = PBXGroup;
			children = (
				2A4770C51FBC2E5600B4618A /* RACTweet */,
				2A4770C61FBC2E8100B4618A /* MVVMFlickr */,
				72A2882C18618A2E00DDD30A /* RWAppDelegate.h */,
				72A2882D18618A2E00DDD30A /* RWAppDelegate.m */,
				72A2882F18618A2E00DDD30A /* Main.storyboard */,
				2AB6D37F1FB9983600E04677 /* Resources */,
				0B12C7B61FB360DC001738A0 /* Vendor */,
				72A2882418618A2E00DDD30A /* Supporting Files */,
				72A2885218620EA100DDD30A /* RWDummySignInService.h */,
				72A2885318620EA100DDD30A /* RWDummySignInService.m */,
			);
			path = RWReactivePlayground;
			sourceTree = "<group>";
		};
		72A2882418618A2E00DDD30A /* Supporting Files */ = {
			isa = PBXGroup;
			children = (
				72A2882518618A2E00DDD30A /* RWReactivePlayground-Info.plist */,
				72A2882618618A2E00DDD30A /* InfoPlist.strings */,
				72A2882918618A2E00DDD30A /* main.m */,
				72A2882B18618A2E00DDD30A /* RWReactivePlayground-Prefix.pch */,
			);
			name = "Supporting Files";
			sourceTree = "<group>";
		};
/* End PBXGroup section */

/* Begin PBXNativeTarget section */
		2A59B63A20037D1E007B41C2 /* GLFlow */ = {
			isa = PBXNativeTarget;
			buildConfigurationList = 2A59B63F20037D1E007B41C2 /* Build configuration list for PBXNativeTarget "GLFlow" */;
			buildPhases = (
				2A59B63720037D1E007B41C2 /* Sources */,
				2A59B63820037D1E007B41C2 /* Frameworks */,
				2A59B63920037D1E007B41C2 /* CopyFiles */,
			);
			buildRules = (
			);
			dependencies = (
			);
			name = GLFlow;
			productName = GLFlow;
			productReference = 2A59B63B20037D1E007B41C2 /* GLFlow */;
			productType = "com.apple.product-type.tool";
		};
		2AB1192F1FF34C9F0073C3A8 /* MediaComposition */ = {
			isa = PBXNativeTarget;
			buildConfigurationList = 2AB119541FF34C9F0073C3A8 /* Build configuration list for PBXNativeTarget "MediaComposition" */;
			buildPhases = (
				2AB1192C1FF34C9F0073C3A8 /* Sources */,
				2AB1192D1FF34C9F0073C3A8 /* Frameworks */,
				2AB1192E1FF34C9F0073C3A8 /* Resources */,
				2AB119651FF34E830073C3A8 /* Embed Frameworks */,
			);
			buildRules = (
			);
			dependencies = (
				2AB924071FFE45D400FC9BD3 /* PBXTargetDependency */,
				2AB924041FFE45BA00FC9BD3 /* PBXTargetDependency */,
				2AB119641FF34E830073C3A8 /* PBXTargetDependency */,
				2AB923FC1FFE44D500FC9BD3 /* PBXTargetDependency */,
			);
			name = MediaComposition;
			productName = AVMediaBlend;
			productReference = 2AB119301FF34C9F0073C3A8 /* MediaComposition.app */;
			productType = "com.apple.product-type.application";
		};
		72A2881918618A2E00DDD30A /* RWReactivePlayground */ = {
			isa = PBXNativeTarget;
			buildConfigurationList = 72A2884C18618A2E00DDD30A /* Build configuration list for PBXNativeTarget "RWReactivePlayground" */;
			buildPhases = (
				72A2881618618A2E00DDD30A /* Sources */,
				72A2881718618A2E00DDD30A /* Frameworks */,
				72A2881818618A2E00DDD30A /* Resources */,
				2A32D2E31FB2B14D0085742F /* Embed Frameworks */,
				2A32D36F1FB40A640085742F /* Integrate Reveal Server */,
			);
			buildRules = (
			);
			dependencies = (
				2A48C5B21FB99DF5007EABD7 /* PBXTargetDependency */,
				2AB6D3BF1FB99C2E00E04677 /* PBXTargetDependency */,
				0BDC4F3C1FB82A8B001AE26A /* PBXTargetDependency */,
				0B12C7D01FB360FB001738A0 /* PBXTargetDependency */,
				0B12C7D41FB36109001738A0 /* PBXTargetDependency */,
			);
			name = RWReactivePlayground;
			productName = RWReactivePlayground;
			productReference = 72A2881A18618A2E00DDD30A /* RWReactivePlayground.app */;
			productType = "com.apple.product-type.application";
		};
/* End PBXNativeTarget section */

/* Begin PBXProject section */
		72A2881218618A2E00DDD30A /* Project object */ = {
			isa = PBXProject;
			attributes = {
				CLASSPREFIX = RW;
				LastUpgradeCheck = 0910;
				ORGANIZATIONNAME = "Colin Eberhardt";
				TargetAttributes = {
					2A59B63A20037D1E007B41C2 = {
						CreatedOnToolsVersion = 9.2;
						DevelopmentTeam = 8DHLQ2UE6S;
						ProvisioningStyle = Automatic;
					};
					2AB1192F1FF34C9F0073C3A8 = {
						CreatedOnToolsVersion = 9.2;
						DevelopmentTeam = 8DHLQ2UE6S;
						ProvisioningStyle = Automatic;
					};
					72A2881918618A2E00DDD30A = {
						DevelopmentTeam = 8DHLQ2UE6S;
					};
				};
			};
			buildConfigurationList = 72A2881518618A2E00DDD30A /* Build configuration list for PBXProject "RWReactivePlayground" */;
			compatibilityVersion = "Xcode 3.2";
			developmentRegion = English;
			hasScannedForEncodings = 0;
			knownRegions = (
				en,
				Base,
			);
			mainGroup = 72A2881118618A2E00DDD30A;
			productRefGroup = 72A2881B18618A2E00DDD30A /* Products */;
			projectDirPath = "";
			projectReferences = (
				{
					ProductGroup = 2AB119571FF34E410073C3A8 /* Products */;
					ProjectRef = 2AB119561FF34E410073C3A8 /* GPUImage.xcodeproj */;
				},
				{
					ProductGroup = 2AB923D61FFE449F00FC9BD3 /* Products */;
					ProjectRef = 2AB923D51FFE449F00FC9BD3 /* LinqToObjectiveC.xcodeproj */;
				},
				{
					ProductGroup = 0B55504E1FB6A91B005DC829 /* Products */;
					ProjectRef = 0B55504D1FB6A91B005DC829 /* LinqToObjectiveC.xcodeproj */;
				},
				{
					ProductGroup = 2AB6D3811FB99B3500E04677 /* Products */;
					ProjectRef = 2AB6D3801FB99B3500E04677 /* ObjectiveFlickr.xcodeproj */;
				},
				{
					ProductGroup = 2AB923E21FFE44BD00FC9BD3 /* Products */;
					ProjectRef = 2AB923E11FFE44BD00FC9BD3 /* ReactiveObjC.xcodeproj */;
				},
				{
					ProductGroup = 0B12C7B81FB360E3001738A0 /* Products */;
					ProjectRef = 0B12C7B71FB360E3001738A0 /* ReactiveObjC.xcodeproj */;
				},
				{
					ProductGroup = 2AB6D3AA1FB99C2200E04677 /* Products */;
					ProjectRef = 2AB6D3A91FB99C2200E04677 /* SDWebImage.xcodeproj */;
				},
			);
			projectRoot = "";
			targets = (
				72A2881918618A2E00DDD30A /* RWReactivePlayground */,
				2AB1192F1FF34C9F0073C3A8 /* MediaComposition */,
				2A59B63A20037D1E007B41C2 /* GLFlow */,
			);
		};
/* End PBXProject section */

/* Begin PBXReferenceProxy section */
		0B12C7C21FB360E3001738A0 /* ReactiveObjC.framework */ = {
			isa = PBXReferenceProxy;
			fileType = wrapper.framework;
			path = ReactiveObjC.framework;
			remoteRef = 0B12C7C11FB360E3001738A0 /* PBXContainerItemProxy */;
			sourceTree = BUILT_PRODUCTS_DIR;
		};
		0B12C7C41FB360E3001738A0 /* ReactiveObjCTests.xctest */ = {
			isa = PBXReferenceProxy;
			fileType = wrapper.cfbundle;
			path = ReactiveObjCTests.xctest;
			remoteRef = 0B12C7C31FB360E3001738A0 /* PBXContainerItemProxy */;
			sourceTree = BUILT_PRODUCTS_DIR;
		};
		0B12C7C61FB360E3001738A0 /* ReactiveObjC.framework */ = {
			isa = PBXReferenceProxy;
			fileType = wrapper.framework;
			path = ReactiveObjC.framework;
			remoteRef = 0B12C7C51FB360E3001738A0 /* PBXContainerItemProxy */;
			sourceTree = BUILT_PRODUCTS_DIR;
		};
		0B12C7C81FB360E3001738A0 /* ReactiveObjCTests.xctest */ = {
			isa = PBXReferenceProxy;
			fileType = wrapper.cfbundle;
			path = ReactiveObjCTests.xctest;
			remoteRef = 0B12C7C71FB360E3001738A0 /* PBXContainerItemProxy */;
			sourceTree = BUILT_PRODUCTS_DIR;
		};
		0B12C7CA1FB360E3001738A0 /* ReactiveObjC.framework */ = {
			isa = PBXReferenceProxy;
			fileType = wrapper.framework;
			path = ReactiveObjC.framework;
			remoteRef = 0B12C7C91FB360E3001738A0 /* PBXContainerItemProxy */;
			sourceTree = BUILT_PRODUCTS_DIR;
		};
		0B12C7CC1FB360E3001738A0 /* ReactiveObjC.framework */ = {
			isa = PBXReferenceProxy;
			fileType = wrapper.framework;
			path = ReactiveObjC.framework;
			remoteRef = 0B12C7CB1FB360E3001738A0 /* PBXContainerItemProxy */;
			sourceTree = BUILT_PRODUCTS_DIR;
		};
		0B12C7CE1FB360E3001738A0 /* ReactiveObjCTests.xctest */ = {
			isa = PBXReferenceProxy;
			fileType = wrapper.cfbundle;
			path = ReactiveObjCTests.xctest;
			remoteRef = 0B12C7CD1FB360E3001738A0 /* PBXContainerItemProxy */;
			sourceTree = BUILT_PRODUCTS_DIR;
		};
		0B5550541FB6A91B005DC829 /* libLinqToObjectiveC.a */ = {
			isa = PBXReferenceProxy;
			fileType = archive.ar;
			path = libLinqToObjectiveC.a;
			remoteRef = 0B5550531FB6A91B005DC829 /* PBXContainerItemProxy */;
			sourceTree = BUILT_PRODUCTS_DIR;
		};
		0B5550561FB6A91B005DC829 /* LinqToObjectiveC.framework */ = {
			isa = PBXReferenceProxy;
			fileType = wrapper.framework;
			path = LinqToObjectiveC.framework;
			remoteRef = 0B5550551FB6A91B005DC829 /* PBXContainerItemProxy */;
			sourceTree = BUILT_PRODUCTS_DIR;
		};
		0B5550581FB6A91B005DC829 /* LinqToObjectiveC.framework */ = {
			isa = PBXReferenceProxy;
			fileType = wrapper.framework;
			path = LinqToObjectiveC.framework;
			remoteRef = 0B5550571FB6A91B005DC829 /* PBXContainerItemProxy */;
			sourceTree = BUILT_PRODUCTS_DIR;
		};
		2AB1195D1FF34E410073C3A8 /* libGPUImage.a */ = {
			isa = PBXReferenceProxy;
			fileType = archive.ar;
			path = libGPUImage.a;
			remoteRef = 2AB1195C1FF34E410073C3A8 /* PBXContainerItemProxy */;
			sourceTree = BUILT_PRODUCTS_DIR;
		};
		2AB1195F1FF34E410073C3A8 /* GPUImage.framework */ = {
			isa = PBXReferenceProxy;
			fileType = wrapper.framework;
			path = GPUImage.framework;
			remoteRef = 2AB1195E1FF34E410073C3A8 /* PBXContainerItemProxy */;
			sourceTree = BUILT_PRODUCTS_DIR;
		};
		2AB6D3871FB99B3500E04677 /* ObjectiveFlickr.framework */ = {
			isa = PBXReferenceProxy;
			fileType = wrapper.framework;
			path = ObjectiveFlickr.framework;
			remoteRef = 2AB6D3861FB99B3500E04677 /* PBXContainerItemProxy */;
			sourceTree = BUILT_PRODUCTS_DIR;
		};
		2AB6D3891FB99B3500E04677 /* libObjectiveFlickr.a */ = {
			isa = PBXReferenceProxy;
			fileType = archive.ar;
			path = libObjectiveFlickr.a;
			remoteRef = 2AB6D3881FB99B3500E04677 /* PBXContainerItemProxy */;
			sourceTree = BUILT_PRODUCTS_DIR;
		};
		2AB6D3B31FB99C2200E04677 /* libSDWebImage iOS static.a */ = {
			isa = PBXReferenceProxy;
			fileType = archive.ar;
			path = "libSDWebImage iOS static.a";
			remoteRef = 2AB6D3B21FB99C2200E04677 /* PBXContainerItemProxy */;
			sourceTree = BUILT_PRODUCTS_DIR;
		};
		2AB6D3B51FB99C2200E04677 /* libSDWebImage watchOS static.a */ = {
			isa = PBXReferenceProxy;
			fileType = archive.ar;
			path = "libSDWebImage watchOS static.a";
			remoteRef = 2AB6D3B41FB99C2200E04677 /* PBXContainerItemProxy */;
			sourceTree = BUILT_PRODUCTS_DIR;
		};
		2AB6D3B71FB99C2200E04677 /* SDWebImage.framework */ = {
			isa = PBXReferenceProxy;
			fileType = wrapper.framework;
			path = SDWebImage.framework;
			remoteRef = 2AB6D3B61FB99C2200E04677 /* PBXContainerItemProxy */;
			sourceTree = BUILT_PRODUCTS_DIR;
		};
		2AB6D3B91FB99C2200E04677 /* SDWebImage.framework */ = {
			isa = PBXReferenceProxy;
			fileType = wrapper.framework;
			path = SDWebImage.framework;
			remoteRef = 2AB6D3B81FB99C2200E04677 /* PBXContainerItemProxy */;
			sourceTree = BUILT_PRODUCTS_DIR;
		};
		2AB6D3BB1FB99C2200E04677 /* SDWebImage.framework */ = {
			isa = PBXReferenceProxy;
			fileType = wrapper.framework;
			path = SDWebImage.framework;
			remoteRef = 2AB6D3BA1FB99C2200E04677 /* PBXContainerItemProxy */;
			sourceTree = BUILT_PRODUCTS_DIR;
		};
		2AB6D3BD1FB99C2200E04677 /* SDWebImage.framework */ = {
			isa = PBXReferenceProxy;
			fileType = wrapper.framework;
			path = SDWebImage.framework;
			remoteRef = 2AB6D3BC1FB99C2200E04677 /* PBXContainerItemProxy */;
			sourceTree = BUILT_PRODUCTS_DIR;
		};
		2AB923DC1FFE449F00FC9BD3 /* libLinqToObjectiveC.a */ = {
			isa = PBXReferenceProxy;
			fileType = archive.ar;
			path = libLinqToObjectiveC.a;
			remoteRef = 2AB923DB1FFE449F00FC9BD3 /* PBXContainerItemProxy */;
			sourceTree = BUILT_PRODUCTS_DIR;
		};
		2AB923DE1FFE449F00FC9BD3 /* LinqToObjectiveC.framework */ = {
			isa = PBXReferenceProxy;
			fileType = wrapper.framework;
			path = LinqToObjectiveC.framework;
			remoteRef = 2AB923DD1FFE449F00FC9BD3 /* PBXContainerItemProxy */;
			sourceTree = BUILT_PRODUCTS_DIR;
		};
		2AB923E01FFE449F00FC9BD3 /* LinqToObjectiveC.framework */ = {
			isa = PBXReferenceProxy;
			fileType = wrapper.framework;
			path = LinqToObjectiveC.framework;
			remoteRef = 2AB923DF1FFE449F00FC9BD3 /* PBXContainerItemProxy */;
			sourceTree = BUILT_PRODUCTS_DIR;
		};
		2AB923EC1FFE44BD00FC9BD3 /* ReactiveObjC.framework */ = {
			isa = PBXReferenceProxy;
			fileType = wrapper.framework;
			path = ReactiveObjC.framework;
			remoteRef = 2AB923EB1FFE44BD00FC9BD3 /* PBXContainerItemProxy */;
			sourceTree = BUILT_PRODUCTS_DIR;
		};
		2AB923EE1FFE44BD00FC9BD3 /* ReactiveObjCTests.xctest */ = {
			isa = PBXReferenceProxy;
			fileType = wrapper.cfbundle;
			path = ReactiveObjCTests.xctest;
			remoteRef = 2AB923ED1FFE44BD00FC9BD3 /* PBXContainerItemProxy */;
			sourceTree = BUILT_PRODUCTS_DIR;
		};
		2AB923F01FFE44BD00FC9BD3 /* ReactiveObjC.framework */ = {
			isa = PBXReferenceProxy;
			fileType = wrapper.framework;
			path = ReactiveObjC.framework;
			remoteRef = 2AB923EF1FFE44BD00FC9BD3 /* PBXContainerItemProxy */;
			sourceTree = BUILT_PRODUCTS_DIR;
		};
		2AB923F21FFE44BD00FC9BD3 /* ReactiveObjCTests.xctest */ = {
			isa = PBXReferenceProxy;
			fileType = wrapper.cfbundle;
			path = ReactiveObjCTests.xctest;
			remoteRef = 2AB923F11FFE44BD00FC9BD3 /* PBXContainerItemProxy */;
			sourceTree = BUILT_PRODUCTS_DIR;
		};
		2AB923F41FFE44BD00FC9BD3 /* ReactiveObjC.framework */ = {
			isa = PBXReferenceProxy;
			fileType = wrapper.framework;
			path = ReactiveObjC.framework;
			remoteRef = 2AB923F31FFE44BD00FC9BD3 /* PBXContainerItemProxy */;
			sourceTree = BUILT_PRODUCTS_DIR;
		};
		2AB923F61FFE44BD00FC9BD3 /* ReactiveObjC.framework */ = {
			isa = PBXReferenceProxy;
			fileType = wrapper.framework;
			path = ReactiveObjC.framework;
			remoteRef = 2AB923F51FFE44BD00FC9BD3 /* PBXContainerItemProxy */;
			sourceTree = BUILT_PRODUCTS_DIR;
		};
		2AB923F81FFE44BD00FC9BD3 /* ReactiveObjCTests.xctest */ = {
			isa = PBXReferenceProxy;
			fileType = wrapper.cfbundle;
			path = ReactiveObjCTests.xctest;
			remoteRef = 2AB923F71FFE44BD00FC9BD3 /* PBXContainerItemProxy */;
			sourceTree = BUILT_PRODUCTS_DIR;
		};
/* End PBXReferenceProxy section */

/* Begin PBXResourcesBuildPhase section */
		2AB1192E1FF34C9F0073C3A8 /* Resources */ = {
			isa = PBXResourcesBuildPhase;
			buildActionMask = 2147483647;
			files = (
				2AB1197E1FF355A50073C3A8 /* abc.mp4 in Resources */,
				2A4CA0DC2004BA6A003DE924 /* Crown@2x.png in Resources */,
				2AB1193F1FF34C9F0073C3A8 /* LaunchScreen.storyboard in Resources */,
				2AB1193C1FF34C9F0073C3A8 /* Assets.xcassets in Resources */,
				2AB923CD1FFE06A600FC9BD3 /* qwe.mp4 in Resources */,
				2A6F94B61FF50B4A0065DB6C /* watermark.png in Resources */,
				2AB1193A1FF34C9F0073C3A8 /* Main.storyboard in Resources */,
			);
			runOnlyForDeploymentPostprocessing = 0;
		};
		72A2881818618A2E00DDD30A /* Resources */ = {
			isa = PBXResourcesBuildPhase;
			buildActionMask = 2147483647;
			files = (
				721E122718698DC100B30134 /* kitten.jpg in Resources */,
				2A32D34A1FB3F0C90085742F /* background.jpg in Resources */,
				2A48C5C91FB9A45E007EABD7 /* fave.png in Resources */,
				72A2883618618A2E00DDD30A /* Images.xcassets in Resources */,
				2A48C5CF1FB9A46D007EABD7 /* RWTSearchResultsTableViewCell.xib in Resources */,
				2A48C5C01FB9A444007EABD7 /* RWTRecentSearchItemTableViewCell.xib in Resources */,
				2A48C5BC1FB9A437007EABD7 /* RWTFlickrSearchViewController.xib in Resources */,
				2A48C5CA1FB9A45E007EABD7 /* comment.png in Resources */,
				72A2882818618A2E00DDD30A /* InfoPlist.strings in Resources */,
				72A2883118618A2E00DDD30A /* Main.storyboard in Resources */,
				2A4770C41FBC2B5E00B4618A /* RWTFlickrSearchResultsViewController.xib in Resources */,
			);
			runOnlyForDeploymentPostprocessing = 0;
		};
/* End PBXResourcesBuildPhase section */

/* Begin PBXShellScriptBuildPhase section */
		2A32D36F1FB40A640085742F /* Integrate Reveal Server */ = {
			isa = PBXShellScriptBuildPhase;
			buildActionMask = 2147483647;
			files = (
			);
			inputPaths = (
			);
			name = "Integrate Reveal Server";
			outputPaths = (
			);
			runOnlyForDeploymentPostprocessing = 0;
			shellPath = /bin/sh;
			shellScript = "export REVEAL_SERVER_FILENAME=\"RevealServer.framework\"\n\n# Update this path to point to the location of RevealServer.framework in your project.\nexport REVEAL_SERVER_PATH=\"${SRCROOT}/${REVEAL_SERVER_FILENAME}\"\n\n# If configuration is not Debug, skip this script.\n[ \"${CONFIGURATION}\" != \"Debug\" ] && exit 0\n\n# If RevealServer.framework exists at the specified path, run code signing script.\nif [ -d \"${REVEAL_SERVER_PATH}\" ]; then\n    \"${REVEAL_SERVER_PATH}/Scripts/copy_and_codesign_revealserver.sh\"\nelse\n    echo \"Reveal Server not loaded: RevealServer.framework could not be found.\"\nfi";
		};
/* End PBXShellScriptBuildPhase section */

/* Begin PBXSourcesBuildPhase section */
		2A59B63720037D1E007B41C2 /* Sources */ = {
			isa = PBXSourcesBuildPhase;
			buildActionMask = 2147483647;
			files = (
				2A59B63E20037D1E007B41C2 /* main.mm in Sources */,
				0B388FBF2007745A00CF5782 /* glad.c in Sources */,
			);
			runOnlyForDeploymentPostprocessing = 0;
		};
		2AB1192C1FF34C9F0073C3A8 /* Sources */ = {
			isa = PBXSourcesBuildPhase;
			buildActionMask = 2147483647;
			files = (
				2A68EF81200603CF00912901 /* TransformUtil.m in Sources */,
				2A4CA0D82004B681003DE924 /* GPUImageBeautifyFilter.m in Sources */,
				2AB923981FFDCFA400FC9BD3 /* MediaCompositionViewController.m in Sources */,
				2AB119371FF34C9F0073C3A8 /* ViewController.m in Sources */,
				2AB923D41FFE430F00FC9BD3 /* PhotoUtils.m in Sources */,
				2AB923D01FFE261000FC9BD3 /* AVFVideoCompositionEditor.m in Sources */,
				2AB119421FF34C9F0073C3A8 /* main.m in Sources */,
				2A344E631FFF1E2C00050387 /* VideoCompositionEditor.m in Sources */,
				2A344E471FFF1BEF00050387 /* GPUImageVideoCompositionEditor.m in Sources */,
				2AB119341FF34C9F0073C3A8 /* AppDelegate.m in Sources */,
			);
			runOnlyForDeploymentPostprocessing = 0;
		};
		72A2881618618A2E00DDD30A /* Sources */ = {
			isa = PBXSourcesBuildPhase;
			buildActionMask = 2147483647;
			files = (
				72A2882A18618A2E00DDD30A /* main.m in Sources */,
				2A48C5C11FB9A444007EABD7 /* RWTRecentSearchItemTableViewCell.m in Sources */,
				0B01E3601FBF2B9800D0C6FD /* RWTFlickrSearchResultsItemViewModel.m in Sources */,
				2A4770AF1FBC1E8800B4618A /* RWTFlickrSearchResultsViewModel.m in Sources */,
				2A48C5BB1FB9A437007EABD7 /* RWTFlickrSearchViewController.m in Sources */,
				72A2883418618A2E00DDD30A /* RWViewController.m in Sources */,
				72A2882E18618A2E00DDD30A /* RWAppDelegate.m in Sources */,
				2A9A80991FBAD3CE0000E2C5 /* RWTFlickrViewModelServiceImpl.m in Sources */,
				2A32D33F1FB3ECC00085742F /* RWSearchFormViewController.m in Sources */,
				2A48C5D21FB9AABA007EABD7 /* RWTFlickrSearchViewModel.m in Sources */,
				2A32D3421FB3ECD50085742F /* RWSearchResultsViewController.m in Sources */,
				2A32D3471FB3ECE90085742F /* RWTableViewCell.m in Sources */,
				2A48C5C51FB9A44F007EABD7 /* RWTFlickrSearchResultsViewController.m in Sources */,
				2A9A80951FBAA79F0000E2C5 /* RWTFlickrSearchImpl.m in Sources */,
				2A32D3481FB3ECE90085742F /* RWTweet.m in Sources */,
				2A9A80A81FBAECC50000E2C5 /* RWTFlickrPhoto.m in Sources */,
				2A9A80AB1FBAED3A0000E2C5 /* RWTFlickrSearchResults.m in Sources */,
				2A48C5CE1FB9A46D007EABD7 /* RWTSearchResultsTableViewCell.m in Sources */,
				72A2885418620EA100DDD30A /* RWDummySignInService.m in Sources */,
				0B1496381FC1C9320084BA60 /* CETableViewBindingHelper.m in Sources */,
				0B01E34E1FBF28C300D0C6FD /* RWTFlickrPhotoMetadata.m in Sources */,
			);
			runOnlyForDeploymentPostprocessing = 0;
		};
/* End PBXSourcesBuildPhase section */

/* Begin PBXTargetDependency section */
		0B12C7D01FB360FB001738A0 /* PBXTargetDependency */ = {
			isa = PBXTargetDependency;
			name = "ReactiveObjC-iOS";
			targetProxy = 0B12C7CF1FB360FB001738A0 /* PBXContainerItemProxy */;
		};
		0B12C7D41FB36109001738A0 /* PBXTargetDependency */ = {
			isa = PBXTargetDependency;
			name = "ReactiveObjC-iOS";
			targetProxy = 0B12C7D31FB36109001738A0 /* PBXContainerItemProxy */;
		};
		0BDC4F3C1FB82A8B001AE26A /* PBXTargetDependency */ = {
			isa = PBXTargetDependency;
			name = LinqToObjectiveC;
			targetProxy = 0BDC4F3B1FB82A8B001AE26A /* PBXContainerItemProxy */;
		};
		2A48C5B21FB99DF5007EABD7 /* PBXTargetDependency */ = {
			isa = PBXTargetDependency;
			name = "ObjectiveFlickr (library)";
			targetProxy = 2A48C5B11FB99DF5007EABD7 /* PBXContainerItemProxy */;
		};
		2AB119641FF34E830073C3A8 /* PBXTargetDependency */ = {
			isa = PBXTargetDependency;
			name = GPUImageFramework;
			targetProxy = 2AB119631FF34E830073C3A8 /* PBXContainerItemProxy */;
		};
		2AB6D3BF1FB99C2E00E04677 /* PBXTargetDependency */ = {
			isa = PBXTargetDependency;
			name = "SDWebImage iOS static";
			targetProxy = 2AB6D3BE1FB99C2E00E04677 /* PBXContainerItemProxy */;
		};
		2AB923FC1FFE44D500FC9BD3 /* PBXTargetDependency */ = {
			isa = PBXTargetDependency;
			name = "ReactiveObjC-iOS";
			targetProxy = 2AB923FB1FFE44D500FC9BD3 /* PBXContainerItemProxy */;
		};
		2AB924041FFE45BA00FC9BD3 /* PBXTargetDependency */ = {
			isa = PBXTargetDependency;
			name = LinqToObjectiveC;
			targetProxy = 2AB924031FFE45BA00FC9BD3 /* PBXContainerItemProxy */;
		};
		2AB924071FFE45D400FC9BD3 /* PBXTargetDependency */ = {
			isa = PBXTargetDependency;
			name = "SDWebImage iOS static";
			targetProxy = 2AB924061FFE45D400FC9BD3 /* PBXContainerItemProxy */;
		};
/* End PBXTargetDependency section */

/* Begin PBXVariantGroup section */
		2AB119381FF34C9F0073C3A8 /* Main.storyboard */ = {
			isa = PBXVariantGroup;
			children = (
				2AB119391FF34C9F0073C3A8 /* Base */,
			);
			name = Main.storyboard;
			sourceTree = "<group>";
		};
		2AB1193D1FF34C9F0073C3A8 /* LaunchScreen.storyboard */ = {
			isa = PBXVariantGroup;
			children = (
				2AB1193E1FF34C9F0073C3A8 /* Base */,
			);
			name = LaunchScreen.storyboard;
			sourceTree = "<group>";
		};
		72A2882618618A2E00DDD30A /* InfoPlist.strings */ = {
			isa = PBXVariantGroup;
			children = (
				72A2882718618A2E00DDD30A /* en */,
			);
			name = InfoPlist.strings;
			sourceTree = "<group>";
		};
		72A2882F18618A2E00DDD30A /* Main.storyboard */ = {
			isa = PBXVariantGroup;
			children = (
				72A2883018618A2E00DDD30A /* Base */,
			);
			name = Main.storyboard;
			sourceTree = "<group>";
		};
/* End PBXVariantGroup section */

/* Begin XCBuildConfiguration section */
		2A59B64020037D1E007B41C2 /* Debug */ = {
			isa = XCBuildConfiguration;
			buildSettings = {
				CLANG_ANALYZER_NONNULL = YES;
				CLANG_ANALYZER_NUMBER_OBJECT_CONVERSION = YES_AGGRESSIVE;
				CLANG_CXX_LANGUAGE_STANDARD = "gnu++14";
				CLANG_WARN_DOCUMENTATION_COMMENTS = YES;
				CLANG_WARN_UNGUARDED_AVAILABILITY = YES_AGGRESSIVE;
				CODE_SIGN_IDENTITY = "Mac Developer";
				CODE_SIGN_STYLE = Automatic;
				DEBUG_INFORMATION_FORMAT = dwarf;
				DEVELOPMENT_TEAM = 8DHLQ2UE6S;
				GCC_C_LANGUAGE_STANDARD = gnu11;
				GCC_WARN_UNINITIALIZED_AUTOS = YES_AGGRESSIVE;
				HEADER_SEARCH_PATHS = "$(SRCROOT)/GLFlow/Lib/**";
				LIBRARY_SEARCH_PATHS = (
					"$(inherited)",
					"$(PROJECT_DIR)/GLFlow/Lib",
					"$(PROJECT_DIR)/GLFlow/Lib/glfw",
				);
				MACOSX_DEPLOYMENT_TARGET = 10.12;
				MTL_ENABLE_DEBUG_INFO = YES;
				PRODUCT_NAME = "$(TARGET_NAME)";
				SDKROOT = macosx;
				WARNING_CFLAGS = "-Wno-documentation";
			};
			name = Debug;
		};
		2A59B64120037D1E007B41C2 /* Release */ = {
			isa = XCBuildConfiguration;
			buildSettings = {
				CLANG_ANALYZER_NONNULL = YES;
				CLANG_ANALYZER_NUMBER_OBJECT_CONVERSION = YES_AGGRESSIVE;
				CLANG_CXX_LANGUAGE_STANDARD = "gnu++14";
				CLANG_WARN_DOCUMENTATION_COMMENTS = YES;
				CLANG_WARN_UNGUARDED_AVAILABILITY = YES_AGGRESSIVE;
				CODE_SIGN_IDENTITY = "Mac Developer";
				CODE_SIGN_STYLE = Automatic;
				COPY_PHASE_STRIP = NO;
				DEBUG_INFORMATION_FORMAT = "dwarf-with-dsym";
				DEVELOPMENT_TEAM = 8DHLQ2UE6S;
				GCC_C_LANGUAGE_STANDARD = gnu11;
				GCC_WARN_UNINITIALIZED_AUTOS = YES_AGGRESSIVE;
				HEADER_SEARCH_PATHS = "$(SRCROOT)/GLFlow/Lib/**";
				LIBRARY_SEARCH_PATHS = (
					"$(inherited)",
					"$(PROJECT_DIR)/GLFlow/Lib",
					"$(PROJECT_DIR)/GLFlow/Lib/glfw",
				);
				MACOSX_DEPLOYMENT_TARGET = 10.12;
				MTL_ENABLE_DEBUG_INFO = NO;
				PRODUCT_NAME = "$(TARGET_NAME)";
				SDKROOT = macosx;
				WARNING_CFLAGS = "-Wno-documentation";
			};
			name = Release;
		};
		2AB119431FF34C9F0073C3A8 /* Debug */ = {
			isa = XCBuildConfiguration;
			buildSettings = {
				ASSETCATALOG_COMPILER_APPICON_NAME = AppIcon;
				CLANG_ANALYZER_NONNULL = YES;
				CLANG_ANALYZER_NUMBER_OBJECT_CONVERSION = YES_AGGRESSIVE;
				CLANG_CXX_LANGUAGE_STANDARD = "gnu++14";
				CLANG_WARN_DOCUMENTATION_COMMENTS = YES;
				CLANG_WARN_UNGUARDED_AVAILABILITY = YES_AGGRESSIVE;
				CODE_SIGN_IDENTITY = "iPhone Developer";
				CODE_SIGN_STYLE = Automatic;
				DEBUG_INFORMATION_FORMAT = dwarf;
				DEVELOPMENT_TEAM = 8DHLQ2UE6S;
				FRAMEWORK_SEARCH_PATHS = (
					"\"$(SRCROOT)/AVMediaBlend/Vendor\"",
					"$(PROJECT_DIR)",
				);
				GCC_C_LANGUAGE_STANDARD = gnu11;
				GCC_WARN_UNINITIALIZED_AUTOS = YES_AGGRESSIVE;
				HEADER_SEARCH_PATHS = (
					"$(inherited)",
					"$(SRCROOT)",
					"$(BUILD_ROOT)/../IntermediateBuildFilesPath/UninstalledProducts/include",
					"$(SRCROOT)/GPUImage/framework/Source/**",
				);
				INFOPLIST_FILE = "$(SRCROOT)/MediaComposition/Info.plist";
				IPHONEOS_DEPLOYMENT_TARGET = 9.0;
				LD_RUNPATH_SEARCH_PATHS = "$(inherited) @executable_path/Frameworks";
				LIBRARY_SEARCH_PATHS = (
					"$(inherited)",
					"$(PROJECT_DIR)/MediaComposition/Lib",
				);
				MTL_ENABLE_DEBUG_INFO = YES;
				PRODUCT_BUNDLE_IDENTIFIER = com.yinxiang.media.mix.AVMediaBlend;
				PRODUCT_NAME = "$(TARGET_NAME)";
				TARGETED_DEVICE_FAMILY = "1,2";
			};
			name = Debug;
		};
		2AB119441FF34C9F0073C3A8 /* Release */ = {
			isa = XCBuildConfiguration;
			buildSettings = {
				ASSETCATALOG_COMPILER_APPICON_NAME = AppIcon;
				CLANG_ANALYZER_NONNULL = YES;
				CLANG_ANALYZER_NUMBER_OBJECT_CONVERSION = YES_AGGRESSIVE;
				CLANG_CXX_LANGUAGE_STANDARD = "gnu++14";
				CLANG_WARN_DOCUMENTATION_COMMENTS = YES;
				CLANG_WARN_UNGUARDED_AVAILABILITY = YES_AGGRESSIVE;
				CODE_SIGN_IDENTITY = "iPhone Developer";
				CODE_SIGN_STYLE = Automatic;
				COPY_PHASE_STRIP = NO;
				DEBUG_INFORMATION_FORMAT = "dwarf-with-dsym";
				DEVELOPMENT_TEAM = 8DHLQ2UE6S;
				FRAMEWORK_SEARCH_PATHS = (
					"\"$(SRCROOT)/AVMediaBlend/Vendor\"",
					"$(PROJECT_DIR)",
				);
				GCC_C_LANGUAGE_STANDARD = gnu11;
				GCC_WARN_UNINITIALIZED_AUTOS = YES_AGGRESSIVE;
				HEADER_SEARCH_PATHS = (
					"$(inherited)",
					"$(SRCROOT)",
					"$(BUILD_ROOT)/../IntermediateBuildFilesPath/UninstalledProducts/include",
					"$(SRCROOT)/GPUImage/framework/Source/**",
				);
				INFOPLIST_FILE = "$(SRCROOT)/MediaComposition/Info.plist";
				IPHONEOS_DEPLOYMENT_TARGET = 9.0;
				LD_RUNPATH_SEARCH_PATHS = "$(inherited) @executable_path/Frameworks";
				LIBRARY_SEARCH_PATHS = (
					"$(inherited)",
					"$(PROJECT_DIR)/MediaComposition/Lib",
				);
				MTL_ENABLE_DEBUG_INFO = NO;
				PRODUCT_BUNDLE_IDENTIFIER = com.yinxiang.media.mix.AVMediaBlend;
				PRODUCT_NAME = "$(TARGET_NAME)";
				TARGETED_DEVICE_FAMILY = "1,2";
			};
			name = Release;
		};
		72A2884A18618A2E00DDD30A /* Debug */ = {
			isa = XCBuildConfiguration;
			buildSettings = {
				ALWAYS_SEARCH_USER_PATHS = NO;
				CLANG_CXX_LANGUAGE_STANDARD = "gnu++0x";
				CLANG_CXX_LIBRARY = "libc++";
				CLANG_ENABLE_MODULES = YES;
				CLANG_ENABLE_OBJC_ARC = YES;
				CLANG_WARN_BLOCK_CAPTURE_AUTORELEASING = YES;
				CLANG_WARN_BOOL_CONVERSION = YES;
				CLANG_WARN_COMMA = YES;
				CLANG_WARN_CONSTANT_CONVERSION = YES;
				CLANG_WARN_DIRECT_OBJC_ISA_USAGE = YES_ERROR;
				CLANG_WARN_EMPTY_BODY = YES;
				CLANG_WARN_ENUM_CONVERSION = YES;
				CLANG_WARN_INFINITE_RECURSION = YES;
				CLANG_WARN_INT_CONVERSION = YES;
				CLANG_WARN_NON_LITERAL_NULL_CONVERSION = YES;
				CLANG_WARN_OBJC_LITERAL_CONVERSION = YES;
				CLANG_WARN_OBJC_ROOT_CLASS = YES_ERROR;
				CLANG_WARN_RANGE_LOOP_ANALYSIS = YES;
				CLANG_WARN_STRICT_PROTOTYPES = YES;
				CLANG_WARN_SUSPICIOUS_MOVE = YES;
				CLANG_WARN_UNREACHABLE_CODE = YES;
				CLANG_WARN__DUPLICATE_METHOD_MATCH = YES;
				"CODE_SIGN_IDENTITY[sdk=iphoneos*]" = "iPhone Developer";
				COPY_PHASE_STRIP = NO;
				ENABLE_STRICT_OBJC_MSGSEND = YES;
				ENABLE_TESTABILITY = YES;
				GCC_C_LANGUAGE_STANDARD = gnu99;
				GCC_DYNAMIC_NO_PIC = NO;
				GCC_NO_COMMON_BLOCKS = YES;
				GCC_OPTIMIZATION_LEVEL = 0;
				GCC_PREPROCESSOR_DEFINITIONS = (
					"DEBUG=1",
					"$(inherited)",
				);
				GCC_SYMBOLS_PRIVATE_EXTERN = NO;
				GCC_WARN_64_TO_32_BIT_CONVERSION = YES;
				GCC_WARN_ABOUT_RETURN_TYPE = YES_ERROR;
				GCC_WARN_UNDECLARED_SELECTOR = YES;
				GCC_WARN_UNINITIALIZED_AUTOS = YES;
				GCC_WARN_UNUSED_FUNCTION = YES;
				GCC_WARN_UNUSED_VARIABLE = YES;
				IPHONEOS_DEPLOYMENT_TARGET = 9.0;
				ONLY_ACTIVE_ARCH = YES;
				SDKROOT = iphoneos;
			};
			name = Debug;
		};
		72A2884B18618A2E00DDD30A /* Release */ = {
			isa = XCBuildConfiguration;
			buildSettings = {
				ALWAYS_SEARCH_USER_PATHS = NO;
				CLANG_CXX_LANGUAGE_STANDARD = "gnu++0x";
				CLANG_CXX_LIBRARY = "libc++";
				CLANG_ENABLE_MODULES = YES;
				CLANG_ENABLE_OBJC_ARC = YES;
				CLANG_WARN_BLOCK_CAPTURE_AUTORELEASING = YES;
				CLANG_WARN_BOOL_CONVERSION = YES;
				CLANG_WARN_COMMA = YES;
				CLANG_WARN_CONSTANT_CONVERSION = YES;
				CLANG_WARN_DIRECT_OBJC_ISA_USAGE = YES_ERROR;
				CLANG_WARN_EMPTY_BODY = YES;
				CLANG_WARN_ENUM_CONVERSION = YES;
				CLANG_WARN_INFINITE_RECURSION = YES;
				CLANG_WARN_INT_CONVERSION = YES;
				CLANG_WARN_NON_LITERAL_NULL_CONVERSION = YES;
				CLANG_WARN_OBJC_LITERAL_CONVERSION = YES;
				CLANG_WARN_OBJC_ROOT_CLASS = YES_ERROR;
				CLANG_WARN_RANGE_LOOP_ANALYSIS = YES;
				CLANG_WARN_STRICT_PROTOTYPES = YES;
				CLANG_WARN_SUSPICIOUS_MOVE = YES;
				CLANG_WARN_UNREACHABLE_CODE = YES;
				CLANG_WARN__DUPLICATE_METHOD_MATCH = YES;
				"CODE_SIGN_IDENTITY[sdk=iphoneos*]" = "iPhone Developer";
				COPY_PHASE_STRIP = YES;
				ENABLE_NS_ASSERTIONS = NO;
				ENABLE_STRICT_OBJC_MSGSEND = YES;
				GCC_C_LANGUAGE_STANDARD = gnu99;
				GCC_NO_COMMON_BLOCKS = YES;
				GCC_WARN_64_TO_32_BIT_CONVERSION = YES;
				GCC_WARN_ABOUT_RETURN_TYPE = YES_ERROR;
				GCC_WARN_UNDECLARED_SELECTOR = YES;
				GCC_WARN_UNINITIALIZED_AUTOS = YES;
				GCC_WARN_UNUSED_FUNCTION = YES;
				GCC_WARN_UNUSED_VARIABLE = YES;
				IPHONEOS_DEPLOYMENT_TARGET = 9.0;
				SDKROOT = iphoneos;
				VALIDATE_PRODUCT = YES;
			};
			name = Release;
		};
		72A2884D18618A2E00DDD30A /* Debug */ = {
			isa = XCBuildConfiguration;
			buildSettings = {
				ASSETCATALOG_COMPILER_APPICON_NAME = AppIcon;
				ASSETCATALOG_COMPILER_LAUNCHIMAGE_NAME = LaunchImage;
				CLANG_WARN_OBJC_IMPLICIT_RETAIN_SELF = YES;
				DEVELOPMENT_TEAM = 8DHLQ2UE6S;
				FRAMEWORK_SEARCH_PATHS = (
					"$(inherited)",
					"$(SRCROOT)",
					"$(PROJECT_DIR)",
					"$(TARGET_BUILD_DIR)/$(FRAMEWORKS_FOLDER_PATH)",
				);
				GCC_PRECOMPILE_PREFIX_HEADER = YES;
				GCC_PREFIX_HEADER = "RWReactivePlayground/RWReactivePlayground-Prefix.pch";
				HEADER_SEARCH_PATHS = (
					"$(inherited)",
					"$(BUILD_ROOT)/../IntermediateBuildFilesPath/UninstalledProducts/include",
					"$(SRCROOT)",
					"$(SRCROOT)/objectiveflickr/Source",
					"$(SRCROOT)/objectiveflickr/LFWebAPIKit",
				);
				INFOPLIST_FILE = "RWReactivePlayground/RWReactivePlayground-Info.plist";
				IPHONEOS_DEPLOYMENT_TARGET = 9.0;
				LD_RUNPATH_SEARCH_PATHS = "$(inherited) @executable_path/Frameworks";
				OTHER_LDFLAGS = (
					"-ObjC",
					"-ObjC",
					"-weak_framework",
					RevealServer,
				);
				PRODUCT_BUNDLE_IDENTIFIER = com.yinxiang.RWReactivePlayground;
				PRODUCT_NAME = "$(TARGET_NAME)";
				WRAPPER_EXTENSION = app;
			};
			name = Debug;
		};
		72A2884E18618A2E00DDD30A /* Release */ = {
			isa = XCBuildConfiguration;
			buildSettings = {
				ASSETCATALOG_COMPILER_APPICON_NAME = AppIcon;
				ASSETCATALOG_COMPILER_LAUNCHIMAGE_NAME = LaunchImage;
				CLANG_WARN_OBJC_IMPLICIT_RETAIN_SELF = YES;
				DEVELOPMENT_TEAM = 8DHLQ2UE6S;
				FRAMEWORK_SEARCH_PATHS = (
					"$(inherited)",
					"$(SRCROOT)",
					"$(PROJECT_DIR)",
					"$(TARGET_BUILD_DIR)/$(FRAMEWORKS_FOLDER_PATH)",
				);
				GCC_PRECOMPILE_PREFIX_HEADER = YES;
				GCC_PREFIX_HEADER = "RWReactivePlayground/RWReactivePlayground-Prefix.pch";
				HEADER_SEARCH_PATHS = (
					"$(inherited)",
					"$(BUILD_ROOT)/../IntermediateBuildFilesPath/UninstalledProducts/include",
					"$(SRCROOT)",
					"$(SRCROOT)/objectiveflickr/Source",
					"$(SRCROOT)/objectiveflickr/LFWebAPIKit",
				);
				INFOPLIST_FILE = "RWReactivePlayground/RWReactivePlayground-Info.plist";
				IPHONEOS_DEPLOYMENT_TARGET = 9.0;
				LD_RUNPATH_SEARCH_PATHS = "$(inherited) @executable_path/Frameworks";
				OTHER_LDFLAGS = (
					"-ObjC",
					"-ObjC",
					"-weak_framework",
					RevealServer,
				);
				PRODUCT_BUNDLE_IDENTIFIER = com.yinxiang.RWReactivePlayground;
				PRODUCT_NAME = "$(TARGET_NAME)";
				WRAPPER_EXTENSION = app;
			};
			name = Release;
		};
/* End XCBuildConfiguration section */

/* Begin XCConfigurationList section */
		2A59B63F20037D1E007B41C2 /* Build configuration list for PBXNativeTarget "GLFlow" */ = {
			isa = XCConfigurationList;
			buildConfigurations = (
				2A59B64020037D1E007B41C2 /* Debug */,
				2A59B64120037D1E007B41C2 /* Release */,
			);
			defaultConfigurationIsVisible = 0;
			defaultConfigurationName = Release;
		};
		2AB119541FF34C9F0073C3A8 /* Build configuration list for PBXNativeTarget "MediaComposition" */ = {
			isa = XCConfigurationList;
			buildConfigurations = (
				2AB119431FF34C9F0073C3A8 /* Debug */,
				2AB119441FF34C9F0073C3A8 /* Release */,
			);
			defaultConfigurationIsVisible = 0;
			defaultConfigurationName = Release;
		};
		72A2881518618A2E00DDD30A /* Build configuration list for PBXProject "RWReactivePlayground" */ = {
			isa = XCConfigurationList;
			buildConfigurations = (
				72A2884A18618A2E00DDD30A /* Debug */,
				72A2884B18618A2E00DDD30A /* Release */,
			);
			defaultConfigurationIsVisible = 0;
			defaultConfigurationName = Release;
		};
		72A2884C18618A2E00DDD30A /* Build configuration list for PBXNativeTarget "RWReactivePlayground" */ = {
			isa = XCConfigurationList;
			buildConfigurations = (
				72A2884D18618A2E00DDD30A /* Debug */,
				72A2884E18618A2E00DDD30A /* Release */,
			);
			defaultConfigurationIsVisible = 0;
			defaultConfigurationName = Release;
		};
/* End XCConfigurationList section */
	};
	rootObject = 72A2881218618A2E00DDD30A /* Project object */;
}
